// !$*UTF8*$!
{
	archiveVersion = 1;
	classes = {
	};
	objectVersion = 47;
	objects = {

/* Begin PBXBuildFile section */
		3112B11F1CAABD7900AE064F /* EventsTableViewCell.swift in Sources */ = {isa = PBXBuildFile; fileRef = 3112B11D1CAABD7900AE064F /* EventsTableViewCell.swift */; };
		3112B1201CAABD7900AE064F /* EventsTableViewCell.xib in Resources */ = {isa = PBXBuildFile; fileRef = 3112B11E1CAABD7900AE064F /* EventsTableViewCell.xib */; };
		3123A4301CB3EDC1000AC147 /* ObjectACL.swift in Sources */ = {isa = PBXBuildFile; fileRef = 3123A42F1CB3EDC1000AC147 /* ObjectACL.swift */; };
		3123A4321CB3FA0C000AC147 /* PFUser.swift in Sources */ = {isa = PBXBuildFile; fileRef = 3123A4311CB3FA0C000AC147 /* PFUser.swift */; };
		3123A4341CB40486000AC147 /* PFObject.swift in Sources */ = {isa = PBXBuildFile; fileRef = 3123A4331CB40486000AC147 /* PFObject.swift */; };
		3123A4381CB4EF7D000AC147 /* PFGeoPoint.swift in Sources */ = {isa = PBXBuildFile; fileRef = 3123A4371CB4EF7D000AC147 /* PFGeoPoint.swift */; };
		3123A43A1CB548E9000AC147 /* Installation.swift in Sources */ = {isa = PBXBuildFile; fileRef = 3123A4391CB548E9000AC147 /* Installation.swift */; };
		312DB4581CBB9FF200788AF3 /* PFACL.swift in Sources */ = {isa = PBXBuildFile; fileRef = 312DB4571CBB9FF200788AF3 /* PFACL.swift */; };
		315EE7421CAE815900BD52CF /* CategoryCollectionViewCell.swift in Sources */ = {isa = PBXBuildFile; fileRef = 315EE7411CAE815900BD52CF /* CategoryCollectionViewCell.swift */; };
		315EE7461CAE81F500BD52CF /* CategoryCollectionViewCell.xib in Resources */ = {isa = PBXBuildFile; fileRef = 315EE7441CAE81F500BD52CF /* CategoryCollectionViewCell.xib */; };
		315EE74C1CAE8AFC00BD52CF /* GroupsViewCell.swift in Sources */ = {isa = PBXBuildFile; fileRef = 315EE74B1CAE8AFC00BD52CF /* GroupsViewCell.swift */; };
		315EE74E1CAE8BE900BD52CF /* GroupsViewCell.xib in Resources */ = {isa = PBXBuildFile; fileRef = 315EE74D1CAE8BE900BD52CF /* GroupsViewCell.xib */; };
		315EE7511CAE8E7B00BD52CF /* RequestTableViewCell.swift in Sources */ = {isa = PBXBuildFile; fileRef = 315EE7501CAE8E7B00BD52CF /* RequestTableViewCell.swift */; };
		315EE7531CAE8EA700BD52CF /* RequestTableViewCell.xib in Resources */ = {isa = PBXBuildFile; fileRef = 315EE7521CAE8EA700BD52CF /* RequestTableViewCell.xib */; };
		315EE7651CAEAB1100BD52CF /* CreateEventTab.storyboard in Resources */ = {isa = PBXBuildFile; fileRef = 315EE7631CAEAB1100BD52CF /* CreateEventTab.storyboard */; };
		315EE7671CAEABD200BD52CF /* TabBarController.swift in Sources */ = {isa = PBXBuildFile; fileRef = 315EE7661CAEABD200BD52CF /* TabBarController.swift */; };
		315EE76A1CAEB44000BD52CF /* GroupsTab.storyboard in Resources */ = {isa = PBXBuildFile; fileRef = 315EE7681CAEB44000BD52CF /* GroupsTab.storyboard */; };
		315EE76D1CAEC77000BD52CF /* EventsTab.storyboard in Resources */ = {isa = PBXBuildFile; fileRef = 315EE76B1CAEC77000BD52CF /* EventsTab.storyboard */; };
		315EE7701CAECC8500BD52CF /* NotificationsTab.storyboard in Resources */ = {isa = PBXBuildFile; fileRef = 315EE76E1CAECC8500BD52CF /* NotificationsTab.storyboard */; };
		315EE7721CAECE0000BD52CF /* ProfileTab.storyboard in Resources */ = {isa = PBXBuildFile; fileRef = 315EE7711CAECE0000BD52CF /* ProfileTab.storyboard */; };
		3160BA981CAA693400047691 /* main.js in Resources */ = {isa = PBXBuildFile; fileRef = 3160BA861CAA693400047691 /* main.js */; };
		3160BA991CAA693400047691 /* moment-timezone-with-data.js in Resources */ = {isa = PBXBuildFile; fileRef = 3160BA871CAA693400047691 /* moment-timezone-with-data.js */; };
		3160BA9A1CAA693400047691 /* moment.js in Resources */ = {isa = PBXBuildFile; fileRef = 3160BA881CAA693400047691 /* moment.js */; };
		3160BA9B1CAA693400047691 /* _t2.js in Resources */ = {isa = PBXBuildFile; fileRef = 3160BA8B1CAA693400047691 /* _t2.js */; };
		3160BA9C1CAA693400047691 /* footer.js in Resources */ = {isa = PBXBuildFile; fileRef = 3160BA8D1CAA693400047691 /* footer.js */; };
		3160BA9D1CAA693400047691 /* header.js in Resources */ = {isa = PBXBuildFile; fileRef = 3160BA8E1CAA693400047691 /* header.js */; };
		3160BA9E1CAA693400047691 /* jsrsasign.js in Resources */ = {isa = PBXBuildFile; fileRef = 3160BA8F1CAA693400047691 /* jsrsasign.js */; };
		3160BA9F1CAA693400047691 /* Makefile in Sources */ = {isa = PBXBuildFile; fileRef = 3160BA901CAA693400047691 /* Makefile */; };
		3160BAA01CAA693400047691 /* package.json in Resources */ = {isa = PBXBuildFile; fileRef = 3160BA911CAA693400047691 /* package.json */; };
		3160BAA11CAA693400047691 /* README.md in Sources */ = {isa = PBXBuildFile; fileRef = 3160BA921CAA693400047691 /* README.md */; };
		3160BAA21CAA693400047691 /* README.md in Sources */ = {isa = PBXBuildFile; fileRef = 3160BA931CAA693400047691 /* README.md */; };
		3160BAA31CAA693400047691 /* global.json in Resources */ = {isa = PBXBuildFile; fileRef = 3160BA951CAA693400047691 /* global.json */; };
		3160BAA41CAA693400047691 /* index.html in Resources */ = {isa = PBXBuildFile; fileRef = 3160BA971CAA693400047691 /* index.html */; };
		31CD15A51CBBD3BC00B5BE26 /* privacyPolicy.html in Resources */ = {isa = PBXBuildFile; fileRef = 31CD15A41CBBD3BC00B5BE26 /* privacyPolicy.html */; };
		31CD15A71CBBD52200B5BE26 /* termsOfService.html in Resources */ = {isa = PBXBuildFile; fileRef = 31CD15A61CBBD52200B5BE26 /* termsOfService.html */; };
		31CEAC9E1CB28C6800A51F8E /* UIStoryboard.swift in Sources */ = {isa = PBXBuildFile; fileRef = 31CEAC9D1CB28C6800A51F8E /* UIStoryboard.swift */; };
		31CEACA01CB28D9B00A51F8E /* Auth.storyboard in Resources */ = {isa = PBXBuildFile; fileRef = 31CEAC9F1CB28D9B00A51F8E /* Auth.storyboard */; };
		31CEACA31CB2AA1700A51F8E /* User.swift in Sources */ = {isa = PBXBuildFile; fileRef = 31CEACA21CB2AA1700A51F8E /* User.swift */; };
		31CEACA51CB2B58400A51F8E /* File.swift in Sources */ = {isa = PBXBuildFile; fileRef = 31CEACA41CB2B58400A51F8E /* File.swift */; };
		31CEACA71CB3989D00A51F8E /* Object.swift in Sources */ = {isa = PBXBuildFile; fileRef = 31CEACA61CB3989D00A51F8E /* Object.swift */; };
		31CEACA91CB3BAEE00A51F8E /* GeoPoint.swift in Sources */ = {isa = PBXBuildFile; fileRef = 31CEACA81CB3BAEE00A51F8E /* GeoPoint.swift */; };
		31D94CBF1CAD02FF0099A891 /* NSDate.swift in Sources */ = {isa = PBXBuildFile; fileRef = 31D94CBE1CAD02FF0099A891 /* NSDate.swift */; };
		31DF59871CAE72D100621F54 /* EventPhotoTableViewCell.swift in Sources */ = {isa = PBXBuildFile; fileRef = 31DF59861CAE72D100621F54 /* EventPhotoTableViewCell.swift */; };
		31DF598A1CAE73E300621F54 /* EventPhotoFlatTableViewCell.xib in Resources */ = {isa = PBXBuildFile; fileRef = 31DF59881CAE73E300621F54 /* EventPhotoFlatTableViewCell.xib */; };
		31DF598B1CAE73E300621F54 /* EventPhotoTableViewCell.xib in Resources */ = {isa = PBXBuildFile; fileRef = 31DF59891CAE73E300621F54 /* EventPhotoTableViewCell.xib */; };
		867E5F77511EAE0AA07E0F43 /* libPods.a in Frameworks */ = {isa = PBXBuildFile; fileRef = D8B15517F27561DB20B85177 /* libPods.a */; };
		8B1531B71B5F90FB007A2EC7 /* Event.swift in Sources */ = {isa = PBXBuildFile; fileRef = 8B1531B61B5F90FB007A2EC7 /* Event.swift */; };
		8B1531B91B5F9A9E007A2EC7 /* ParseHelper.swift in Sources */ = {isa = PBXBuildFile; fileRef = 8B1531B81B5F9A9E007A2EC7 /* ParseHelper.swift */; };
		9901A9681B57D81100947DB8 /* ProfileViewController.swift in Sources */ = {isa = PBXBuildFile; fileRef = 9901A9671B57D81100947DB8 /* ProfileViewController.swift */; };
		9907A3591BCBEC0C00D98A6F /* Utils.swift in Sources */ = {isa = PBXBuildFile; fileRef = 9907A3581BCBEC0C00D98A6F /* Utils.swift */; };
		9907A35B1BCBECF500D98A6F /* KeyboardAnimationHelper.swift in Sources */ = {isa = PBXBuildFile; fileRef = 9907A35A1BCBECF500D98A6F /* KeyboardAnimationHelper.swift */; };
		9907A37B1BCE4BED00D98A6F /* Report.swift in Sources */ = {isa = PBXBuildFile; fileRef = 9907A37A1BCE4BEC00D98A6F /* Report.swift */; };
		990CA7251B8206C000591F33 /* InstructionViewController.swift in Sources */ = {isa = PBXBuildFile; fileRef = 990CA7241B8206C000591F33 /* InstructionViewController.swift */; };
		990CA7271B826BB200591F33 /* WriteAboutViewController.swift in Sources */ = {isa = PBXBuildFile; fileRef = 990CA7261B826BB200591F33 /* WriteAboutViewController.swift */; };
		9917D9DA1B567E520081A796 /* MainRootViewController.swift in Sources */ = {isa = PBXBuildFile; fileRef = 9917D9D91B567E520081A796 /* MainRootViewController.swift */; };
		9917D9E21B56A94F0081A796 /* MapEventsViewController.swift in Sources */ = {isa = PBXBuildFile; fileRef = 9917D9E11B56A94F0081A796 /* MapEventsViewController.swift */; };
		9917D9E41B56B7830081A796 /* ListEventsViewController.swift in Sources */ = {isa = PBXBuildFile; fileRef = 9917D9E31B56B7830081A796 /* ListEventsViewController.swift */; };
		9917D9E61B56BB660081A796 /* EventDetailsViewController.swift in Sources */ = {isa = PBXBuildFile; fileRef = 9917D9E51B56BB660081A796 /* EventDetailsViewController.swift */; };
		992037401C669E9C00051D06 /* CategoryHeader.swift in Sources */ = {isa = PBXBuildFile; fileRef = 9920373F1C669E9C00051D06 /* CategoryHeader.swift */; };
		992037421C68D38500051D06 /* CategoryType.swift in Sources */ = {isa = PBXBuildFile; fileRef = 992037411C68D38500051D06 /* CategoryType.swift */; };
		99253FF61B6ABBF40078B668 /* Extensions.swift in Sources */ = {isa = PBXBuildFile; fileRef = 99253FF51B6ABBF40078B668 /* Extensions.swift */; };
		993AC6191BA7293C00B677D6 /* TutorialViewController.swift in Sources */ = {isa = PBXBuildFile; fileRef = 993AC6181BA7293C00B677D6 /* TutorialViewController.swift */; };
		993D3ED71B8CE1170023B054 /* Request.swift in Sources */ = {isa = PBXBuildFile; fileRef = 993D3ED61B8CE1170023B054 /* Request.swift */; };
		993D3ED91B8DCA900023B054 /* RequestsTableViewController.swift in Sources */ = {isa = PBXBuildFile; fileRef = 993D3ED81B8DCA900023B054 /* RequestsTableViewController.swift */; };
		993D3EDD1B90DB2F0023B054 /* PrivacyPolicyController.swift in Sources */ = {isa = PBXBuildFile; fileRef = 993D3EDC1B90DB2F0023B054 /* PrivacyPolicyController.swift */; };
		993D3EE11B90F2450023B054 /* TermsController.swift in Sources */ = {isa = PBXBuildFile; fileRef = 993D3EE01B90F2450023B054 /* TermsController.swift */; };
		995032711B564B4400D792C5 /* AppDelegate.swift in Sources */ = {isa = PBXBuildFile; fileRef = 995032701B564B4400D792C5 /* AppDelegate.swift */; };
		995032731B564B4400D792C5 /* LoginViewController.swift in Sources */ = {isa = PBXBuildFile; fileRef = 995032721B564B4400D792C5 /* LoginViewController.swift */; };
		995032761B564B4400D792C5 /* Main.storyboard in Resources */ = {isa = PBXBuildFile; fileRef = 995032741B564B4400D792C5 /* Main.storyboard */; };
		995032781B564B4400D792C5 /* Images.xcassets in Resources */ = {isa = PBXBuildFile; fileRef = 995032771B564B4400D792C5 /* Images.xcassets */; };
		9950327B1B564B4400D792C5 /* LaunchScreen.xib in Resources */ = {isa = PBXBuildFile; fileRef = 995032791B564B4400D792C5 /* LaunchScreen.xib */; };
		995032931B56632700D792C5 /* StartViewController.swift in Sources */ = {isa = PBXBuildFile; fileRef = 995032921B56632700D792C5 /* StartViewController.swift */; };
		995032951B566F3400D792C5 /* EventFinderViewController.swift in Sources */ = {isa = PBXBuildFile; fileRef = 995032941B566F3400D792C5 /* EventFinderViewController.swift */; };
		995032971B5671B900D792C5 /* ChooseLocationViewController.swift in Sources */ = {isa = PBXBuildFile; fileRef = 995032961B5671B900D792C5 /* ChooseLocationViewController.swift */; };
		995032991B56741700D792C5 /* CreateEmailAccountViewController.swift in Sources */ = {isa = PBXBuildFile; fileRef = 995032981B56741700D792C5 /* CreateEmailAccountViewController.swift */; };
		99509E8A1B9618FA003BF7CD /* PhotosTableViewController.swift in Sources */ = {isa = PBXBuildFile; fileRef = 99509E891B9618FA003BF7CD /* PhotosTableViewController.swift */; };
		99509E901B99CEDC003BF7CD /* CompleteProfileViewController.swift in Sources */ = {isa = PBXBuildFile; fileRef = 99509E8F1B99CEDC003BF7CD /* CompleteProfileViewController.swift */; };
		995363491B693F4B00350133 /* CustomPointAnnotation.swift in Sources */ = {isa = PBXBuildFile; fileRef = 995363481B693F4B00350133 /* CustomPointAnnotation.swift */; };
		995A57F01C6BC96000680CB6 /* NotificationsController.swift in Sources */ = {isa = PBXBuildFile; fileRef = 995A57EF1C6BC96000680CB6 /* NotificationsController.swift */; };
		995A57F21C6BD01200680CB6 /* RecentViewController.swift in Sources */ = {isa = PBXBuildFile; fileRef = 995A57F11C6BD01200680CB6 /* RecentViewController.swift */; };
		995A57F41C6CFFA200680CB6 /* Notification.swift in Sources */ = {isa = PBXBuildFile; fileRef = 995A57F31C6CFFA200680CB6 /* Notification.swift */; };
		995A57F61C6E6A4500680CB6 /* GroupDetailsViewController.swift in Sources */ = {isa = PBXBuildFile; fileRef = 995A57F51C6E6A4500680CB6 /* GroupDetailsViewController.swift */; };
		9967D8331B7CFD10003C3CE1 /* BlurryAlertViewController.swift in Sources */ = {isa = PBXBuildFile; fileRef = 9967D8321B7CFD10003C3CE1 /* BlurryAlertViewController.swift */; };
		997C238B1B668CFB0070DDB2 /* EventsViewController.swift in Sources */ = {isa = PBXBuildFile; fileRef = 997C238A1B668CFB0070DDB2 /* EventsViewController.swift */; };
		997C238D1B67889B0070DDB2 /* MessageToUser.swift in Sources */ = {isa = PBXBuildFile; fileRef = 997C238C1B67889B0070DDB2 /* MessageToUser.swift */; };
		997C238F1B6791AE0070DDB2 /* Category.swift in Sources */ = {isa = PBXBuildFile; fileRef = 997C238E1B6791AE0070DDB2 /* Category.swift */; };
		997C23911B67B42D0070DDB2 /* ChooseCategoryViewController.swift in Sources */ = {isa = PBXBuildFile; fileRef = 997C23901B67B42D0070DDB2 /* ChooseCategoryViewController.swift */; };
		997C23951B67BD060070DDB2 /* EventPhoto.swift in Sources */ = {isa = PBXBuildFile; fileRef = 997C23941B67BD060070DDB2 /* EventPhoto.swift */; };
		997C23971B67EFCD0070DDB2 /* ChooseEventPictureViewController.swift in Sources */ = {isa = PBXBuildFile; fileRef = 997C23961B67EFCD0070DDB2 /* ChooseEventPictureViewController.swift */; };
		99A6C9FC1BDBCC4D002060C2 /* Block.swift in Sources */ = {isa = PBXBuildFile; fileRef = 99A6C9FB1BDBCC4D002060C2 /* Block.swift */; };
		99B0C6321C77B041004D8A99 /* CategoryPickerViewController.swift in Sources */ = {isa = PBXBuildFile; fileRef = 99B0C6311C77B041004D8A99 /* CategoryPickerViewController.swift */; };
		99B0C6341C7F73B8004D8A99 /* EditProfileViewController.swift in Sources */ = {isa = PBXBuildFile; fileRef = 99B0C6331C7F73B8004D8A99 /* EditProfileViewController.swift */; };
		99B0C6361C7F9768004D8A99 /* TextField.swift in Sources */ = {isa = PBXBuildFile; fileRef = 99B0C6351C7F9768004D8A99 /* TextField.swift */; };
		99B0C6381C7FB2F6004D8A99 /* AdvancedSettingsTableViewController.swift in Sources */ = {isa = PBXBuildFile; fileRef = 99B0C6371C7FB2F6004D8A99 /* AdvancedSettingsTableViewController.swift */; };
		99B0C63A1C7FB7AA004D8A99 /* RangeViewController.swift in Sources */ = {isa = PBXBuildFile; fileRef = 99B0C6391C7FB7AA004D8A99 /* RangeViewController.swift */; };
		99B0C63C1C8084D2004D8A99 /* CreateGroupViewController.swift in Sources */ = {isa = PBXBuildFile; fileRef = 99B0C63B1C8084D2004D8A99 /* CreateGroupViewController.swift */; };
		99BFEC9F1B7A78C700CBFF8B /* ConversationParticipant.swift in Sources */ = {isa = PBXBuildFile; fileRef = 99BFEC9E1B7A78C700CBFF8B /* ConversationParticipant.swift */; };
		99C7B8CF1B7D1D370045D44D /* Rank.swift in Sources */ = {isa = PBXBuildFile; fileRef = 99C7B8CE1B7D1D370045D44D /* Rank.swift */; };
		99EC40F81B5D90630093E484 /* Prefs.swift in Sources */ = {isa = PBXBuildFile; fileRef = 99EC40F71B5D90630093E484 /* Prefs.swift */; };
		99EC40FC1B5FFB4A0093E484 /* InstagramViewController.swift in Sources */ = {isa = PBXBuildFile; fileRef = 99EC40FB1B5FFB490093E484 /* InstagramViewController.swift */; };
		99EF69CC1BC4061700DA0073 /* Message.swift in Sources */ = {isa = PBXBuildFile; fileRef = 99EF69CB1BC4061700DA0073 /* Message.swift */; };
		99EF69CE1BC418B700DA0073 /* ConversationsTableViewController.swift in Sources */ = {isa = PBXBuildFile; fileRef = 99EF69CD1BC418B700DA0073 /* ConversationsTableViewController.swift */; };
		99EF69D01BC43F7E00DA0073 /* MessagesTableViewController.swift in Sources */ = {isa = PBXBuildFile; fileRef = 99EF69CF1BC43F7E00DA0073 /* MessagesTableViewController.swift */; };
		99FDE5411B57EB84004CE61B /* SettingsTableViewController.swift in Sources */ = {isa = PBXBuildFile; fileRef = 99FDE5401B57EB84004CE61B /* SettingsTableViewController.swift */; };
		99FDE5431B580E7D004CE61B /* CreateEventViewController.swift in Sources */ = {isa = PBXBuildFile; fileRef = 99FDE5421B580E7D004CE61B /* CreateEventViewController.swift */; };
		99FDE54B1B5A74FF004CE61B /* UserProfileViewController.swift in Sources */ = {isa = PBXBuildFile; fileRef = 99FDE54A1B5A74FF004CE61B /* UserProfileViewController.swift */; };
/* End PBXBuildFile section */

/* Begin PBXFileReference section */
		116D70F35B19AD9546398474 /* Pods.debug.xcconfig */ = {isa = PBXFileReference; includeInIndex = 1; lastKnownFileType = text.xcconfig; name = Pods.debug.xcconfig; path = "Pods/Target Support Files/Pods/Pods.debug.xcconfig"; sourceTree = "<group>"; };
		3112B11D1CAABD7900AE064F /* EventsTableViewCell.swift */ = {isa = PBXFileReference; fileEncoding = 4; lastKnownFileType = sourcecode.swift; path = EventsTableViewCell.swift; sourceTree = "<group>"; };
		3112B11E1CAABD7900AE064F /* EventsTableViewCell.xib */ = {isa = PBXFileReference; fileEncoding = 4; lastKnownFileType = file.xib; path = EventsTableViewCell.xib; sourceTree = "<group>"; };
		3123A42F1CB3EDC1000AC147 /* ObjectACL.swift */ = {isa = PBXFileReference; fileEncoding = 4; lastKnownFileType = sourcecode.swift; path = ObjectACL.swift; sourceTree = "<group>"; };
		3123A4311CB3FA0C000AC147 /* PFUser.swift */ = {isa = PBXFileReference; fileEncoding = 4; lastKnownFileType = sourcecode.swift; path = PFUser.swift; sourceTree = "<group>"; };
		3123A4331CB40486000AC147 /* PFObject.swift */ = {isa = PBXFileReference; fileEncoding = 4; lastKnownFileType = sourcecode.swift; path = PFObject.swift; sourceTree = "<group>"; };
		3123A4371CB4EF7D000AC147 /* PFGeoPoint.swift */ = {isa = PBXFileReference; fileEncoding = 4; lastKnownFileType = sourcecode.swift; path = PFGeoPoint.swift; sourceTree = "<group>"; };
		3123A4391CB548E9000AC147 /* Installation.swift */ = {isa = PBXFileReference; fileEncoding = 4; lastKnownFileType = sourcecode.swift; path = Installation.swift; sourceTree = "<group>"; };
		312DB4571CBB9FF200788AF3 /* PFACL.swift */ = {isa = PBXFileReference; fileEncoding = 4; lastKnownFileType = sourcecode.swift; path = PFACL.swift; sourceTree = "<group>"; };
		315EE7411CAE815900BD52CF /* CategoryCollectionViewCell.swift */ = {isa = PBXFileReference; fileEncoding = 4; lastKnownFileType = sourcecode.swift; path = CategoryCollectionViewCell.swift; sourceTree = "<group>"; };
		315EE7441CAE81F500BD52CF /* CategoryCollectionViewCell.xib */ = {isa = PBXFileReference; fileEncoding = 4; lastKnownFileType = file.xib; path = CategoryCollectionViewCell.xib; sourceTree = "<group>"; };
		315EE74B1CAE8AFC00BD52CF /* GroupsViewCell.swift */ = {isa = PBXFileReference; fileEncoding = 4; lastKnownFileType = sourcecode.swift; path = GroupsViewCell.swift; sourceTree = "<group>"; };
		315EE74D1CAE8BE900BD52CF /* GroupsViewCell.xib */ = {isa = PBXFileReference; fileEncoding = 4; lastKnownFileType = file.xib; path = GroupsViewCell.xib; sourceTree = "<group>"; };
		315EE7501CAE8E7B00BD52CF /* RequestTableViewCell.swift */ = {isa = PBXFileReference; fileEncoding = 4; lastKnownFileType = sourcecode.swift; path = RequestTableViewCell.swift; sourceTree = "<group>"; };
		315EE7521CAE8EA700BD52CF /* RequestTableViewCell.xib */ = {isa = PBXFileReference; fileEncoding = 4; lastKnownFileType = file.xib; path = RequestTableViewCell.xib; sourceTree = "<group>"; };
		315EE7641CAEAB1100BD52CF /* Base */ = {isa = PBXFileReference; lastKnownFileType = file.storyboard; name = Base; path = Base.lproj/CreateEventTab.storyboard; sourceTree = "<group>"; };
		315EE7661CAEABD200BD52CF /* TabBarController.swift */ = {isa = PBXFileReference; fileEncoding = 4; lastKnownFileType = sourcecode.swift; path = TabBarController.swift; sourceTree = "<group>"; };
		315EE7691CAEB44000BD52CF /* Base */ = {isa = PBXFileReference; lastKnownFileType = file.storyboard; name = Base; path = Base.lproj/GroupsTab.storyboard; sourceTree = "<group>"; };
		315EE76C1CAEC77000BD52CF /* Base */ = {isa = PBXFileReference; lastKnownFileType = file.storyboard; name = Base; path = Base.lproj/EventsTab.storyboard; sourceTree = "<group>"; };
		315EE76F1CAECC8500BD52CF /* Base */ = {isa = PBXFileReference; lastKnownFileType = file.storyboard; name = Base; path = Base.lproj/NotificationsTab.storyboard; sourceTree = "<group>"; };
		315EE7711CAECE0000BD52CF /* ProfileTab.storyboard */ = {isa = PBXFileReference; fileEncoding = 4; lastKnownFileType = file.storyboard; name = ProfileTab.storyboard; path = ../../ProfileTab.storyboard; sourceTree = "<group>"; };
		3160BA861CAA693400047691 /* main.js */ = {isa = PBXFileReference; fileEncoding = 4; lastKnownFileType = sourcecode.javascript; path = main.js; sourceTree = "<group>"; xcLanguageSpecificationIdentifier = xcode.lang.c; };
		3160BA871CAA693400047691 /* moment-timezone-with-data.js */ = {isa = PBXFileReference; fileEncoding = 4; lastKnownFileType = sourcecode.javascript; path = "moment-timezone-with-data.js"; sourceTree = "<group>"; };
		3160BA881CAA693400047691 /* moment.js */ = {isa = PBXFileReference; fileEncoding = 4; lastKnownFileType = sourcecode.javascript; path = moment.js; sourceTree = "<group>"; };
		3160BA8B1CAA693400047691 /* _t2.js */ = {isa = PBXFileReference; fileEncoding = 4; lastKnownFileType = sourcecode.javascript; path = _t2.js; sourceTree = "<group>"; };
		3160BA8D1CAA693400047691 /* footer.js */ = {isa = PBXFileReference; fileEncoding = 4; lastKnownFileType = sourcecode.javascript; path = footer.js; sourceTree = "<group>"; };
		3160BA8E1CAA693400047691 /* header.js */ = {isa = PBXFileReference; fileEncoding = 4; lastKnownFileType = sourcecode.javascript; path = header.js; sourceTree = "<group>"; };
		3160BA8F1CAA693400047691 /* jsrsasign.js */ = {isa = PBXFileReference; fileEncoding = 4; lastKnownFileType = sourcecode.javascript; path = jsrsasign.js; sourceTree = "<group>"; };
		3160BA901CAA693400047691 /* Makefile */ = {isa = PBXFileReference; fileEncoding = 4; lastKnownFileType = sourcecode.make; path = Makefile; sourceTree = "<group>"; };
		3160BA911CAA693400047691 /* package.json */ = {isa = PBXFileReference; fileEncoding = 4; lastKnownFileType = text.json; path = package.json; sourceTree = "<group>"; };
		3160BA921CAA693400047691 /* README.md */ = {isa = PBXFileReference; fileEncoding = 4; lastKnownFileType = net.daringfireball.markdown; path = README.md; sourceTree = "<group>"; };
		3160BA931CAA693400047691 /* README.md */ = {isa = PBXFileReference; fileEncoding = 4; lastKnownFileType = net.daringfireball.markdown; path = README.md; sourceTree = "<group>"; };
		3160BA951CAA693400047691 /* global.json */ = {isa = PBXFileReference; fileEncoding = 4; lastKnownFileType = text.json; path = global.json; sourceTree = "<group>"; };
		3160BA971CAA693400047691 /* index.html */ = {isa = PBXFileReference; fileEncoding = 4; lastKnownFileType = text.html; path = index.html; sourceTree = "<group>"; };
		31CD15A41CBBD3BC00B5BE26 /* privacyPolicy.html */ = {isa = PBXFileReference; fileEncoding = 4; lastKnownFileType = text.html; path = privacyPolicy.html; sourceTree = "<group>"; };
		31CD15A61CBBD52200B5BE26 /* termsOfService.html */ = {isa = PBXFileReference; fileEncoding = 4; lastKnownFileType = text.html; path = termsOfService.html; sourceTree = "<group>"; };
		31CEAC9D1CB28C6800A51F8E /* UIStoryboard.swift */ = {isa = PBXFileReference; fileEncoding = 4; lastKnownFileType = sourcecode.swift; path = UIStoryboard.swift; sourceTree = "<group>"; };
		31CEAC9F1CB28D9B00A51F8E /* Auth.storyboard */ = {isa = PBXFileReference; fileEncoding = 4; lastKnownFileType = file.storyboard; name = Auth.storyboard; path = ../../Base.lproj/Auth.storyboard; sourceTree = "<group>"; };
		31CEACA21CB2AA1700A51F8E /* User.swift */ = {isa = PBXFileReference; fileEncoding = 4; lastKnownFileType = sourcecode.swift; path = User.swift; sourceTree = "<group>"; };
		31CEACA41CB2B58400A51F8E /* File.swift */ = {isa = PBXFileReference; fileEncoding = 4; lastKnownFileType = sourcecode.swift; path = File.swift; sourceTree = "<group>"; };
		31CEACA61CB3989D00A51F8E /* Object.swift */ = {isa = PBXFileReference; fileEncoding = 4; lastKnownFileType = sourcecode.swift; path = Object.swift; sourceTree = "<group>"; };
		31CEACA81CB3BAEE00A51F8E /* GeoPoint.swift */ = {isa = PBXFileReference; fileEncoding = 4; lastKnownFileType = sourcecode.swift; path = GeoPoint.swift; sourceTree = "<group>"; };
		31D94CBE1CAD02FF0099A891 /* NSDate.swift */ = {isa = PBXFileReference; fileEncoding = 4; lastKnownFileType = sourcecode.swift; path = NSDate.swift; sourceTree = "<group>"; };
		31DF59861CAE72D100621F54 /* EventPhotoTableViewCell.swift */ = {isa = PBXFileReference; fileEncoding = 4; lastKnownFileType = sourcecode.swift; path = EventPhotoTableViewCell.swift; sourceTree = "<group>"; };
		31DF59881CAE73E300621F54 /* EventPhotoFlatTableViewCell.xib */ = {isa = PBXFileReference; fileEncoding = 4; lastKnownFileType = file.xib; path = EventPhotoFlatTableViewCell.xib; sourceTree = "<group>"; };
		31DF59891CAE73E300621F54 /* EventPhotoTableViewCell.xib */ = {isa = PBXFileReference; fileEncoding = 4; lastKnownFileType = file.xib; path = EventPhotoTableViewCell.xib; sourceTree = "<group>"; };
		87E5039D1AFE3D9446032CF4 /* Pods.release.xcconfig */ = {isa = PBXFileReference; includeInIndex = 1; lastKnownFileType = text.xcconfig; name = Pods.release.xcconfig; path = "Pods/Target Support Files/Pods/Pods.release.xcconfig"; sourceTree = "<group>"; };
		8B1531B61B5F90FB007A2EC7 /* Event.swift */ = {isa = PBXFileReference; fileEncoding = 4; lastKnownFileType = sourcecode.swift; path = Event.swift; sourceTree = "<group>"; };
		8B1531B81B5F9A9E007A2EC7 /* ParseHelper.swift */ = {isa = PBXFileReference; fileEncoding = 4; lastKnownFileType = sourcecode.swift; path = ParseHelper.swift; sourceTree = "<group>"; };
		9901A9641B57D55C00947DB8 /* Yay-Bridging-Header.h */ = {isa = PBXFileReference; lastKnownFileType = sourcecode.c.h; path = "Yay-Bridging-Header.h"; sourceTree = SOURCE_ROOT; };
		9901A9671B57D81100947DB8 /* ProfileViewController.swift */ = {isa = PBXFileReference; fileEncoding = 4; lastKnownFileType = sourcecode.swift; path = ProfileViewController.swift; sourceTree = "<group>"; };
		9907A3581BCBEC0C00D98A6F /* Utils.swift */ = {isa = PBXFileReference; fileEncoding = 4; lastKnownFileType = sourcecode.swift; path = Utils.swift; sourceTree = "<group>"; };
		9907A35A1BCBECF500D98A6F /* KeyboardAnimationHelper.swift */ = {isa = PBXFileReference; fileEncoding = 4; lastKnownFileType = sourcecode.swift; path = KeyboardAnimationHelper.swift; sourceTree = "<group>"; };
		9907A37A1BCE4BEC00D98A6F /* Report.swift */ = {isa = PBXFileReference; fileEncoding = 4; lastKnownFileType = sourcecode.swift; path = Report.swift; sourceTree = "<group>"; };
		990CA7241B8206C000591F33 /* InstructionViewController.swift */ = {isa = PBXFileReference; fileEncoding = 4; lastKnownFileType = sourcecode.swift; path = InstructionViewController.swift; sourceTree = "<group>"; };
		990CA7261B826BB200591F33 /* WriteAboutViewController.swift */ = {isa = PBXFileReference; fileEncoding = 4; lastKnownFileType = sourcecode.swift; path = WriteAboutViewController.swift; sourceTree = "<group>"; };
		9917D9D91B567E520081A796 /* MainRootViewController.swift */ = {isa = PBXFileReference; fileEncoding = 4; lastKnownFileType = sourcecode.swift; path = MainRootViewController.swift; sourceTree = "<group>"; };
		9917D9E11B56A94F0081A796 /* MapEventsViewController.swift */ = {isa = PBXFileReference; fileEncoding = 4; lastKnownFileType = sourcecode.swift; path = MapEventsViewController.swift; sourceTree = "<group>"; };
		9917D9E31B56B7830081A796 /* ListEventsViewController.swift */ = {isa = PBXFileReference; fileEncoding = 4; lastKnownFileType = sourcecode.swift; path = ListEventsViewController.swift; sourceTree = "<group>"; };
		9917D9E51B56BB660081A796 /* EventDetailsViewController.swift */ = {isa = PBXFileReference; fileEncoding = 4; lastKnownFileType = sourcecode.swift; path = EventDetailsViewController.swift; sourceTree = "<group>"; };
		9920373F1C669E9C00051D06 /* CategoryHeader.swift */ = {isa = PBXFileReference; fileEncoding = 4; lastKnownFileType = sourcecode.swift; path = CategoryHeader.swift; sourceTree = "<group>"; };
		992037411C68D38500051D06 /* CategoryType.swift */ = {isa = PBXFileReference; fileEncoding = 4; lastKnownFileType = sourcecode.swift; path = CategoryType.swift; sourceTree = "<group>"; };
		99253FF51B6ABBF40078B668 /* Extensions.swift */ = {isa = PBXFileReference; fileEncoding = 4; lastKnownFileType = sourcecode.swift; path = Extensions.swift; sourceTree = "<group>"; };
		993AC6181BA7293C00B677D6 /* TutorialViewController.swift */ = {isa = PBXFileReference; fileEncoding = 4; lastKnownFileType = sourcecode.swift; path = TutorialViewController.swift; sourceTree = "<group>"; };
		993D3ED61B8CE1170023B054 /* Request.swift */ = {isa = PBXFileReference; fileEncoding = 4; lastKnownFileType = sourcecode.swift; path = Request.swift; sourceTree = "<group>"; };
		993D3ED81B8DCA900023B054 /* RequestsTableViewController.swift */ = {isa = PBXFileReference; fileEncoding = 4; lastKnownFileType = sourcecode.swift; path = RequestsTableViewController.swift; sourceTree = "<group>"; };
		993D3EDC1B90DB2F0023B054 /* PrivacyPolicyController.swift */ = {isa = PBXFileReference; fileEncoding = 4; lastKnownFileType = sourcecode.swift; path = PrivacyPolicyController.swift; sourceTree = "<group>"; };
		993D3EE01B90F2450023B054 /* TermsController.swift */ = {isa = PBXFileReference; fileEncoding = 4; lastKnownFileType = sourcecode.swift; path = TermsController.swift; sourceTree = "<group>"; };
		9950326B1B564B4400D792C5 /* Friendzi.app */ = {isa = PBXFileReference; explicitFileType = wrapper.application; includeInIndex = 0; path = Friendzi.app; sourceTree = BUILT_PRODUCTS_DIR; };
		9950326F1B564B4400D792C5 /* Info.plist */ = {isa = PBXFileReference; lastKnownFileType = text.plist.xml; path = Info.plist; sourceTree = "<group>"; };
		995032701B564B4400D792C5 /* AppDelegate.swift */ = {isa = PBXFileReference; lastKnownFileType = sourcecode.swift; path = AppDelegate.swift; sourceTree = "<group>"; };
		995032721B564B4400D792C5 /* LoginViewController.swift */ = {isa = PBXFileReference; lastKnownFileType = sourcecode.swift; path = LoginViewController.swift; sourceTree = "<group>"; };
		995032751B564B4400D792C5 /* Base */ = {isa = PBXFileReference; lastKnownFileType = file.storyboard; name = Base; path = Base.lproj/Main.storyboard; sourceTree = "<group>"; };
		995032771B564B4400D792C5 /* Images.xcassets */ = {isa = PBXFileReference; lastKnownFileType = folder.assetcatalog; path = Images.xcassets; sourceTree = "<group>"; };
		9950327A1B564B4400D792C5 /* Base */ = {isa = PBXFileReference; lastKnownFileType = file.xib; name = Base; path = Base.lproj/LaunchScreen.xib; sourceTree = "<group>"; };
		995032921B56632700D792C5 /* StartViewController.swift */ = {isa = PBXFileReference; fileEncoding = 4; lastKnownFileType = sourcecode.swift; path = StartViewController.swift; sourceTree = "<group>"; };
		995032941B566F3400D792C5 /* EventFinderViewController.swift */ = {isa = PBXFileReference; fileEncoding = 4; lastKnownFileType = sourcecode.swift; path = EventFinderViewController.swift; sourceTree = "<group>"; };
		995032961B5671B900D792C5 /* ChooseLocationViewController.swift */ = {isa = PBXFileReference; fileEncoding = 4; lastKnownFileType = sourcecode.swift; path = ChooseLocationViewController.swift; sourceTree = "<group>"; };
		995032981B56741700D792C5 /* CreateEmailAccountViewController.swift */ = {isa = PBXFileReference; fileEncoding = 4; lastKnownFileType = sourcecode.swift; path = CreateEmailAccountViewController.swift; sourceTree = "<group>"; };
		99509E891B9618FA003BF7CD /* PhotosTableViewController.swift */ = {isa = PBXFileReference; fileEncoding = 4; lastKnownFileType = sourcecode.swift; path = PhotosTableViewController.swift; sourceTree = "<group>"; };
		99509E8F1B99CEDC003BF7CD /* CompleteProfileViewController.swift */ = {isa = PBXFileReference; fileEncoding = 4; lastKnownFileType = sourcecode.swift; path = CompleteProfileViewController.swift; sourceTree = "<group>"; };
		995363481B693F4B00350133 /* CustomPointAnnotation.swift */ = {isa = PBXFileReference; fileEncoding = 4; lastKnownFileType = sourcecode.swift; path = CustomPointAnnotation.swift; sourceTree = "<group>"; };
		995A57EF1C6BC96000680CB6 /* NotificationsController.swift */ = {isa = PBXFileReference; fileEncoding = 4; lastKnownFileType = sourcecode.swift; path = NotificationsController.swift; sourceTree = "<group>"; };
		995A57F11C6BD01200680CB6 /* RecentViewController.swift */ = {isa = PBXFileReference; fileEncoding = 4; lastKnownFileType = sourcecode.swift; path = RecentViewController.swift; sourceTree = "<group>"; };
		995A57F31C6CFFA200680CB6 /* Notification.swift */ = {isa = PBXFileReference; fileEncoding = 4; lastKnownFileType = sourcecode.swift; path = Notification.swift; sourceTree = "<group>"; };
		995A57F51C6E6A4500680CB6 /* GroupDetailsViewController.swift */ = {isa = PBXFileReference; fileEncoding = 4; lastKnownFileType = sourcecode.swift; path = GroupDetailsViewController.swift; sourceTree = "<group>"; };
		9967D8321B7CFD10003C3CE1 /* BlurryAlertViewController.swift */ = {isa = PBXFileReference; fileEncoding = 4; lastKnownFileType = sourcecode.swift; path = BlurryAlertViewController.swift; sourceTree = "<group>"; };
		997C238A1B668CFB0070DDB2 /* EventsViewController.swift */ = {isa = PBXFileReference; fileEncoding = 4; lastKnownFileType = sourcecode.swift; path = EventsViewController.swift; sourceTree = "<group>"; };
		997C238C1B67889B0070DDB2 /* MessageToUser.swift */ = {isa = PBXFileReference; fileEncoding = 4; lastKnownFileType = sourcecode.swift; path = MessageToUser.swift; sourceTree = "<group>"; };
		997C238E1B6791AE0070DDB2 /* Category.swift */ = {isa = PBXFileReference; fileEncoding = 4; lastKnownFileType = sourcecode.swift; path = Category.swift; sourceTree = "<group>"; };
		997C23901B67B42D0070DDB2 /* ChooseCategoryViewController.swift */ = {isa = PBXFileReference; fileEncoding = 4; lastKnownFileType = sourcecode.swift; path = ChooseCategoryViewController.swift; sourceTree = "<group>"; };
		997C23941B67BD060070DDB2 /* EventPhoto.swift */ = {isa = PBXFileReference; fileEncoding = 4; lastKnownFileType = sourcecode.swift; path = EventPhoto.swift; sourceTree = "<group>"; };
		997C23961B67EFCD0070DDB2 /* ChooseEventPictureViewController.swift */ = {isa = PBXFileReference; fileEncoding = 4; lastKnownFileType = sourcecode.swift; path = ChooseEventPictureViewController.swift; sourceTree = "<group>"; };
		99A6C9FB1BDBCC4D002060C2 /* Block.swift */ = {isa = PBXFileReference; fileEncoding = 4; lastKnownFileType = sourcecode.swift; path = Block.swift; sourceTree = "<group>"; };
		99B0C6311C77B041004D8A99 /* CategoryPickerViewController.swift */ = {isa = PBXFileReference; fileEncoding = 4; lastKnownFileType = sourcecode.swift; path = CategoryPickerViewController.swift; sourceTree = "<group>"; };
		99B0C6331C7F73B8004D8A99 /* EditProfileViewController.swift */ = {isa = PBXFileReference; fileEncoding = 4; lastKnownFileType = sourcecode.swift; path = EditProfileViewController.swift; sourceTree = "<group>"; };
		99B0C6351C7F9768004D8A99 /* TextField.swift */ = {isa = PBXFileReference; fileEncoding = 4; lastKnownFileType = sourcecode.swift; name = TextField.swift; path = ../Models/TextField.swift; sourceTree = "<group>"; };
		99B0C6371C7FB2F6004D8A99 /* AdvancedSettingsTableViewController.swift */ = {isa = PBXFileReference; fileEncoding = 4; lastKnownFileType = sourcecode.swift; path = AdvancedSettingsTableViewController.swift; sourceTree = "<group>"; };
		99B0C6391C7FB7AA004D8A99 /* RangeViewController.swift */ = {isa = PBXFileReference; fileEncoding = 4; lastKnownFileType = sourcecode.swift; path = RangeViewController.swift; sourceTree = "<group>"; };
		99B0C63B1C8084D2004D8A99 /* CreateGroupViewController.swift */ = {isa = PBXFileReference; fileEncoding = 4; lastKnownFileType = sourcecode.swift; path = CreateGroupViewController.swift; sourceTree = "<group>"; };
		99BFEC9E1B7A78C700CBFF8B /* ConversationParticipant.swift */ = {isa = PBXFileReference; fileEncoding = 4; lastKnownFileType = sourcecode.swift; path = ConversationParticipant.swift; sourceTree = "<group>"; };
		99C7B8CE1B7D1D370045D44D /* Rank.swift */ = {isa = PBXFileReference; fileEncoding = 4; lastKnownFileType = sourcecode.swift; path = Rank.swift; sourceTree = "<group>"; };
		99EC40F71B5D90630093E484 /* Prefs.swift */ = {isa = PBXFileReference; fileEncoding = 4; lastKnownFileType = sourcecode.swift; path = Prefs.swift; sourceTree = "<group>"; };
		99EC40FB1B5FFB490093E484 /* InstagramViewController.swift */ = {isa = PBXFileReference; fileEncoding = 4; lastKnownFileType = sourcecode.swift; path = InstagramViewController.swift; sourceTree = "<group>"; };
		99EF69CB1BC4061700DA0073 /* Message.swift */ = {isa = PBXFileReference; fileEncoding = 4; lastKnownFileType = sourcecode.swift; path = Message.swift; sourceTree = "<group>"; };
		99EF69CD1BC418B700DA0073 /* ConversationsTableViewController.swift */ = {isa = PBXFileReference; fileEncoding = 4; lastKnownFileType = sourcecode.swift; path = ConversationsTableViewController.swift; sourceTree = "<group>"; };
		99EF69CF1BC43F7E00DA0073 /* MessagesTableViewController.swift */ = {isa = PBXFileReference; fileEncoding = 4; lastKnownFileType = sourcecode.swift; path = MessagesTableViewController.swift; sourceTree = "<group>"; };
		99FDE5401B57EB84004CE61B /* SettingsTableViewController.swift */ = {isa = PBXFileReference; fileEncoding = 4; lastKnownFileType = sourcecode.swift; path = SettingsTableViewController.swift; sourceTree = "<group>"; };
		99FDE5421B580E7D004CE61B /* CreateEventViewController.swift */ = {isa = PBXFileReference; fileEncoding = 4; lastKnownFileType = sourcecode.swift; path = CreateEventViewController.swift; sourceTree = "<group>"; };
		99FDE54A1B5A74FF004CE61B /* UserProfileViewController.swift */ = {isa = PBXFileReference; fileEncoding = 4; lastKnownFileType = sourcecode.swift; path = UserProfileViewController.swift; sourceTree = "<group>"; };
		D8B15517F27561DB20B85177 /* libPods.a */ = {isa = PBXFileReference; explicitFileType = archive.ar; includeInIndex = 0; path = libPods.a; sourceTree = BUILT_PRODUCTS_DIR; };
/* End PBXFileReference section */

/* Begin PBXFrameworksBuildPhase section */
		995032681B564B4400D792C5 /* Frameworks */ = {
			isa = PBXFrameworksBuildPhase;
			buildActionMask = 2147483647;
			files = (
				867E5F77511EAE0AA07E0F43 /* libPods.a in Frameworks */,
			);
			runOnlyForDeploymentPostprocessing = 0;
		};
/* End PBXFrameworksBuildPhase section */

/* Begin PBXGroup section */
		3112B1191CAABD3F00AE064F /* View */ = {
			isa = PBXGroup;
			children = (
				99B0C6351C7F9768004D8A99 /* TextField.swift */,
				31CEACA11CB2A56900A51F8E /* Storyboards */,
				31DF59851CAE72D100621F54 /* EventPhotoCell */,
				3112B11A1CAABD3F00AE064F /* EventsCell */,
				315EE74A1CAE8AFC00BD52CF /* GroupsCollectionCell */,
				315EE74F1CAE8E7B00BD52CF /* RequestCell */,
				315EE7401CAE813F00BD52CF /* CategoryCollectionCell */,
			);
			path = View;
			sourceTree = "<group>";
		};
		3112B11A1CAABD3F00AE064F /* EventsCell */ = {
			isa = PBXGroup;
			children = (
				3112B11D1CAABD7900AE064F /* EventsTableViewCell.swift */,
				3112B11E1CAABD7900AE064F /* EventsTableViewCell.xib */,
			);
			path = EventsCell;
			sourceTree = "<group>";
		};
		315EE7401CAE813F00BD52CF /* CategoryCollectionCell */ = {
			isa = PBXGroup;
			children = (
				315EE7411CAE815900BD52CF /* CategoryCollectionViewCell.swift */,
				315EE7441CAE81F500BD52CF /* CategoryCollectionViewCell.xib */,
			);
			path = CategoryCollectionCell;
			sourceTree = "<group>";
		};
		315EE74A1CAE8AFC00BD52CF /* GroupsCollectionCell */ = {
			isa = PBXGroup;
			children = (
				315EE74B1CAE8AFC00BD52CF /* GroupsViewCell.swift */,
				315EE74D1CAE8BE900BD52CF /* GroupsViewCell.xib */,
			);
			path = GroupsCollectionCell;
			sourceTree = "<group>";
		};
		315EE74F1CAE8E7B00BD52CF /* RequestCell */ = {
			isa = PBXGroup;
			children = (
				315EE7501CAE8E7B00BD52CF /* RequestTableViewCell.swift */,
				315EE7521CAE8EA700BD52CF /* RequestTableViewCell.xib */,
			);
			path = RequestCell;
			sourceTree = "<group>";
		};
		3160BA841CAA693400047691 /* YaYApp */ = {
			isa = PBXGroup;
			children = (
				3160BA851CAA693400047691 /* cloud */,
				3160BA941CAA693400047691 /* config */,
				3160BA961CAA693400047691 /* public */,
			);
			path = YaYApp;
			sourceTree = SOURCE_ROOT;
		};
		3160BA851CAA693400047691 /* cloud */ = {
			isa = PBXGroup;
			children = (
				3160BA861CAA693400047691 /* main.js */,
				3160BA871CAA693400047691 /* moment-timezone-with-data.js */,
				3160BA881CAA693400047691 /* moment.js */,
				3160BA891CAA693400047691 /* node_modules */,
				3160BA931CAA693400047691 /* README.md */,
			);
			path = cloud;
			sourceTree = "<group>";
		};
		3160BA891CAA693400047691 /* node_modules */ = {
			isa = PBXGroup;
			children = (
				3160BA8A1CAA693400047691 /* jsrsasign */,
			);
			path = node_modules;
			sourceTree = "<group>";
		};
		3160BA8A1CAA693400047691 /* jsrsasign */ = {
			isa = PBXGroup;
			children = (
				3160BA8B1CAA693400047691 /* _t2.js */,
				3160BA8C1CAA693400047691 /* lib */,
				3160BA901CAA693400047691 /* Makefile */,
				3160BA911CAA693400047691 /* package.json */,
				3160BA921CAA693400047691 /* README.md */,
			);
			path = jsrsasign;
			sourceTree = "<group>";
		};
		3160BA8C1CAA693400047691 /* lib */ = {
			isa = PBXGroup;
			children = (
				3160BA8D1CAA693400047691 /* footer.js */,
				3160BA8E1CAA693400047691 /* header.js */,
				3160BA8F1CAA693400047691 /* jsrsasign.js */,
			);
			path = lib;
			sourceTree = "<group>";
		};
		3160BA941CAA693400047691 /* config */ = {
			isa = PBXGroup;
			children = (
				3160BA951CAA693400047691 /* global.json */,
			);
			path = config;
			sourceTree = "<group>";
		};
		3160BA961CAA693400047691 /* public */ = {
			isa = PBXGroup;
			children = (
				3160BA971CAA693400047691 /* index.html */,
			);
			path = public;
			sourceTree = "<group>";
		};
		31CD15A21CBBD39800B5BE26 /* Resources */ = {
			isa = PBXGroup;
			children = (
				31CD15A31CBBD39800B5BE26 /* HTML */,
			);
			path = Resources;
			sourceTree = "<group>";
		};
		31CD15A31CBBD39800B5BE26 /* HTML */ = {
			isa = PBXGroup;
			children = (
				31CD15A41CBBD3BC00B5BE26 /* privacyPolicy.html */,
				31CD15A61CBBD52200B5BE26 /* termsOfService.html */,
			);
			path = HTML;
			sourceTree = "<group>";
		};
		31CEACA11CB2A56900A51F8E /* Storyboards */ = {
			isa = PBXGroup;
			children = (
				31CEAC9F1CB28D9B00A51F8E /* Auth.storyboard */,
				995032741B564B4400D792C5 /* Main.storyboard */,
				315EE76B1CAEC77000BD52CF /* EventsTab.storyboard */,
				315EE7681CAEB44000BD52CF /* GroupsTab.storyboard */,
				315EE7631CAEAB1100BD52CF /* CreateEventTab.storyboard */,
				315EE76E1CAECC8500BD52CF /* NotificationsTab.storyboard */,
				315EE7711CAECE0000BD52CF /* ProfileTab.storyboard */,
			);
			path = Storyboards;
			sourceTree = "<group>";
		};
		31D94CBD1CAD02D00099A891 /* Extension */ = {
			isa = PBXGroup;
			children = (
				3123A4371CB4EF7D000AC147 /* PFGeoPoint.swift */,
				3123A4311CB3FA0C000AC147 /* PFUser.swift */,
				312DB4571CBB9FF200788AF3 /* PFACL.swift */,
				3123A4331CB40486000AC147 /* PFObject.swift */,
				31CEAC9D1CB28C6800A51F8E /* UIStoryboard.swift */,
				31D94CBE1CAD02FF0099A891 /* NSDate.swift */,
			);
			path = Extension;
			sourceTree = "<group>";
		};
		31DF59851CAE72D100621F54 /* EventPhotoCell */ = {
			isa = PBXGroup;
			children = (
				31DF59861CAE72D100621F54 /* EventPhotoTableViewCell.swift */,
				31DF59881CAE73E300621F54 /* EventPhotoFlatTableViewCell.xib */,
				31DF59891CAE73E300621F54 /* EventPhotoTableViewCell.xib */,
			);
			path = EventPhotoCell;
			sourceTree = "<group>";
		};
		7F1CE1198C8FF0D6E40770ED /* Pods */ = {
			isa = PBXGroup;
			children = (
				116D70F35B19AD9546398474 /* Pods.debug.xcconfig */,
				87E5039D1AFE3D9446032CF4 /* Pods.release.xcconfig */,
			);
			name = Pods;
			sourceTree = "<group>";
		};
		8B1531B51B5F90E1007A2EC7 /* Models */ = {
			isa = PBXGroup;
			children = (
				3123A4391CB548E9000AC147 /* Installation.swift */,
				997C238E1B6791AE0070DDB2 /* Category.swift */,
				31CEACA81CB3BAEE00A51F8E /* GeoPoint.swift */,
				8B1531B61B5F90FB007A2EC7 /* Event.swift */,
				997C23941B67BD060070DDB2 /* EventPhoto.swift */,
				993D3ED61B8CE1170023B054 /* Request.swift */,
				99BFEC9E1B7A78C700CBFF8B /* ConversationParticipant.swift */,
				99EF69CB1BC4061700DA0073 /* Message.swift */,
				9907A37A1BCE4BEC00D98A6F /* Report.swift */,
				99A6C9FB1BDBCC4D002060C2 /* Block.swift */,
				31CEACA21CB2AA1700A51F8E /* User.swift */,
				31CEACA41CB2B58400A51F8E /* File.swift */,
				31CEACA61CB3989D00A51F8E /* Object.swift */,
				995A57F31C6CFFA200680CB6 /* Notification.swift */,
				3123A42F1CB3EDC1000AC147 /* ObjectACL.swift */,
			);
			path = Models;
			sourceTree = "<group>";
		};
		990CA7211B82022600591F33 /* controllerParts */ = {
			isa = PBXGroup;
			children = (
				995032961B5671B900D792C5 /* ChooseLocationViewController.swift */,
				99EC40FB1B5FFB490093E484 /* InstagramViewController.swift */,
				997C23901B67B42D0070DDB2 /* ChooseCategoryViewController.swift */,
				997C23961B67EFCD0070DDB2 /* ChooseEventPictureViewController.swift */,
				9967D8321B7CFD10003C3CE1 /* BlurryAlertViewController.swift */,
				990CA7241B8206C000591F33 /* InstructionViewController.swift */,
				990CA7261B826BB200591F33 /* WriteAboutViewController.swift */,
				99509E891B9618FA003BF7CD /* PhotosTableViewController.swift */,
				993AC6181BA7293C00B677D6 /* TutorialViewController.swift */,
				99B0C6311C77B041004D8A99 /* CategoryPickerViewController.swift */,
			);
			name = controllerParts;
			sourceTree = "<group>";
		};
		995032621B564B4400D792C5 = {
			isa = PBXGroup;
			children = (
				9950326D1B564B4400D792C5 /* Yay */,
				9950326C1B564B4400D792C5 /* Products */,
				7F1CE1198C8FF0D6E40770ED /* Pods */,
				FDEA8E2942B6E4C28740DB53 /* Frameworks */,
			);
			sourceTree = "<group>";
		};
		9950326C1B564B4400D792C5 /* Products */ = {
			isa = PBXGroup;
			children = (
				9950326B1B564B4400D792C5 /* Friendzi.app */,
			);
			name = Products;
			sourceTree = "<group>";
		};
		9950326D1B564B4400D792C5 /* Yay */ = {
			isa = PBXGroup;
			children = (
				9901A9641B57D55C00947DB8 /* Yay-Bridging-Header.h */,
				3160BA841CAA693400047691 /* YaYApp */,
				3112B1191CAABD3F00AE064F /* View */,
				995363481B693F4B00350133 /* CustomPointAnnotation.swift */,
				9920373F1C669E9C00051D06 /* CategoryHeader.swift */,
				8B1531B51B5F90E1007A2EC7 /* Models */,
				995032911B5662C300D792C5 /* controllers */,
				990CA7211B82022600591F33 /* controllerParts */,
				31D94CBD1CAD02D00099A891 /* Extension */,
				995032901B56595F00D792C5 /* util */,
				31CD15A21CBBD39800B5BE26 /* Resources */,
				995032701B564B4400D792C5 /* AppDelegate.swift */,
				995032771B564B4400D792C5 /* Images.xcassets */,
				995032791B564B4400D792C5 /* LaunchScreen.xib */,
				9950326E1B564B4400D792C5 /* Supporting Files */,
			);
			path = Yay;
			sourceTree = "<group>";
		};
		9950326E1B564B4400D792C5 /* Supporting Files */ = {
			isa = PBXGroup;
			children = (
				9950326F1B564B4400D792C5 /* Info.plist */,
			);
			name = "Supporting Files";
			sourceTree = "<group>";
		};
		995032901B56595F00D792C5 /* util */ = {
			isa = PBXGroup;
			children = (
				997C238C1B67889B0070DDB2 /* MessageToUser.swift */,
				99EC40F71B5D90630093E484 /* Prefs.swift */,
				8B1531B81B5F9A9E007A2EC7 /* ParseHelper.swift */,
				99253FF51B6ABBF40078B668 /* Extensions.swift */,
				99C7B8CE1B7D1D370045D44D /* Rank.swift */,
				9907A3581BCBEC0C00D98A6F /* Utils.swift */,
				9907A35A1BCBECF500D98A6F /* KeyboardAnimationHelper.swift */,
				992037411C68D38500051D06 /* CategoryType.swift */,
			);
			name = util;
			sourceTree = "<group>";
		};
		995032911B5662C300D792C5 /* controllers */ = {
			isa = PBXGroup;
			children = (
				993D3EE01B90F2450023B054 /* TermsController.swift */,
				993D3EDC1B90DB2F0023B054 /* PrivacyPolicyController.swift */,
				995032921B56632700D792C5 /* StartViewController.swift */,
				995032721B564B4400D792C5 /* LoginViewController.swift */,
				995032981B56741700D792C5 /* CreateEmailAccountViewController.swift */,
				995032941B566F3400D792C5 /* EventFinderViewController.swift */,
				9917D9D91B567E520081A796 /* MainRootViewController.swift */,
				9917D9E11B56A94F0081A796 /* MapEventsViewController.swift */,
				9917D9E31B56B7830081A796 /* ListEventsViewController.swift */,
				997C238A1B668CFB0070DDB2 /* EventsViewController.swift */,
				9917D9E51B56BB660081A796 /* EventDetailsViewController.swift */,
				9901A9671B57D81100947DB8 /* ProfileViewController.swift */,
				99FDE5401B57EB84004CE61B /* SettingsTableViewController.swift */,
				99FDE5421B580E7D004CE61B /* CreateEventViewController.swift */,
				99FDE54A1B5A74FF004CE61B /* UserProfileViewController.swift */,
				993D3ED81B8DCA900023B054 /* RequestsTableViewController.swift */,
				99509E8F1B99CEDC003BF7CD /* CompleteProfileViewController.swift */,
				99EF69CD1BC418B700DA0073 /* ConversationsTableViewController.swift */,
				99EF69CF1BC43F7E00DA0073 /* MessagesTableViewController.swift */,
				995A57EF1C6BC96000680CB6 /* NotificationsController.swift */,
				995A57F11C6BD01200680CB6 /* RecentViewController.swift */,
				995A57F51C6E6A4500680CB6 /* GroupDetailsViewController.swift */,
				99B0C6331C7F73B8004D8A99 /* EditProfileViewController.swift */,
				99B0C6371C7FB2F6004D8A99 /* AdvancedSettingsTableViewController.swift */,
				99B0C6391C7FB7AA004D8A99 /* RangeViewController.swift */,
				99B0C63B1C8084D2004D8A99 /* CreateGroupViewController.swift */,
				315EE7661CAEABD200BD52CF /* TabBarController.swift */,
			);
			name = controllers;
			sourceTree = "<group>";
		};
		FDEA8E2942B6E4C28740DB53 /* Frameworks */ = {
			isa = PBXGroup;
			children = (
				D8B15517F27561DB20B85177 /* libPods.a */,
			);
			name = Frameworks;
			sourceTree = "<group>";
		};
/* End PBXGroup section */

/* Begin PBXNativeTarget section */
		9950326A1B564B4400D792C5 /* Friendzi */ = {
			isa = PBXNativeTarget;
			buildConfigurationList = 9950328A1B564B4400D792C5 /* Build configuration list for PBXNativeTarget "Friendzi" */;
			buildPhases = (
				6115CB11EBC914CC354FCFB9 /* Check Pods Manifest.lock */,
				995032671B564B4400D792C5 /* Sources */,
				995032681B564B4400D792C5 /* Frameworks */,
				995032691B564B4400D792C5 /* Resources */,
				341618644D4D29C684606F4E /* Copy Pods Resources */,
				9E0C230682806AD0985DA5B1 /* Embed Pods Frameworks */,
			);
			buildRules = (
			);
			dependencies = (
			);
			name = Friendzi;
			productName = Yay;
			productReference = 9950326B1B564B4400D792C5 /* Friendzi.app */;
			productType = "com.apple.product-type.application";
		};
/* End PBXNativeTarget section */

/* Begin PBXProject section */
		995032631B564B4400D792C5 /* Project object */ = {
			isa = PBXProject;
			attributes = {
				LastSwiftMigration = 0700;
				LastSwiftUpdateCheck = 0700;
				LastUpgradeCheck = 0700;
				ORGANIZATIONNAME = "KrazyLabs LLC";
				TargetAttributes = {
					9950326A1B564B4400D792C5 = {
						CreatedOnToolsVersion = 6.4;
						DevelopmentTeam = 3G8XAHXNH6;
						SystemCapabilities = {
							com.apple.BackgroundModes = {
								enabled = 1;
							};
						};
					};
				};
			};
			buildConfigurationList = 995032661B564B4400D792C5 /* Build configuration list for PBXProject "Friendzi" */;
			compatibilityVersion = "Xcode 6.3";
			developmentRegion = English;
			hasScannedForEncodings = 0;
			knownRegions = (
				en,
				Base,
			);
			mainGroup = 995032621B564B4400D792C5;
			productRefGroup = 9950326C1B564B4400D792C5 /* Products */;
			projectDirPath = "";
			projectRoot = "";
			targets = (
				9950326A1B564B4400D792C5 /* Friendzi */,
			);
		};
/* End PBXProject section */

/* Begin PBXResourcesBuildPhase section */
		995032691B564B4400D792C5 /* Resources */ = {
			isa = PBXResourcesBuildPhase;
			buildActionMask = 2147483647;
			files = (
				3160BAA31CAA693400047691 /* global.json in Resources */,
				995032761B564B4400D792C5 /* Main.storyboard in Resources */,
				31CEACA01CB28D9B00A51F8E /* Auth.storyboard in Resources */,
				315EE76A1CAEB44000BD52CF /* GroupsTab.storyboard in Resources */,
				31DF598A1CAE73E300621F54 /* EventPhotoFlatTableViewCell.xib in Resources */,
				3112B1201CAABD7900AE064F /* EventsTableViewCell.xib in Resources */,
				3160BA9D1CAA693400047691 /* header.js in Resources */,
				3160BAA41CAA693400047691 /* index.html in Resources */,
				315EE76D1CAEC77000BD52CF /* EventsTab.storyboard in Resources */,
				9950327B1B564B4400D792C5 /* LaunchScreen.xib in Resources */,
				3160BAA01CAA693400047691 /* package.json in Resources */,
				315EE7701CAECC8500BD52CF /* NotificationsTab.storyboard in Resources */,
				31CD15A71CBBD52200B5BE26 /* termsOfService.html in Resources */,
				315EE74E1CAE8BE900BD52CF /* GroupsViewCell.xib in Resources */,
				31CD15A51CBBD3BC00B5BE26 /* privacyPolicy.html in Resources */,
				315EE7721CAECE0000BD52CF /* ProfileTab.storyboard in Resources */,
				3160BA9A1CAA693400047691 /* moment.js in Resources */,
				3160BA9C1CAA693400047691 /* footer.js in Resources */,
				3160BA9E1CAA693400047691 /* jsrsasign.js in Resources */,
				31DF598B1CAE73E300621F54 /* EventPhotoTableViewCell.xib in Resources */,
				995032781B564B4400D792C5 /* Images.xcassets in Resources */,
				3160BA9B1CAA693400047691 /* _t2.js in Resources */,
				315EE7461CAE81F500BD52CF /* CategoryCollectionViewCell.xib in Resources */,
				315EE7531CAE8EA700BD52CF /* RequestTableViewCell.xib in Resources */,
				3160BA991CAA693400047691 /* moment-timezone-with-data.js in Resources */,
				3160BA981CAA693400047691 /* main.js in Resources */,
				315EE7651CAEAB1100BD52CF /* CreateEventTab.storyboard in Resources */,
			);
			runOnlyForDeploymentPostprocessing = 0;
		};
/* End PBXResourcesBuildPhase section */

/* Begin PBXShellScriptBuildPhase section */
		341618644D4D29C684606F4E /* Copy Pods Resources */ = {
			isa = PBXShellScriptBuildPhase;
			buildActionMask = 2147483647;
			files = (
			);
			inputPaths = (
			);
			name = "Copy Pods Resources";
			outputPaths = (
			);
			runOnlyForDeploymentPostprocessing = 0;
			shellPath = /bin/sh;
			shellScript = "\"${SRCROOT}/Pods/Target Support Files/Pods/Pods-resources.sh\"\n";
			showEnvVarsInLog = 0;
		};
		6115CB11EBC914CC354FCFB9 /* Check Pods Manifest.lock */ = {
			isa = PBXShellScriptBuildPhase;
			buildActionMask = 2147483647;
			files = (
			);
			inputPaths = (
			);
			name = "Check Pods Manifest.lock";
			outputPaths = (
			);
			runOnlyForDeploymentPostprocessing = 0;
			shellPath = /bin/sh;
			shellScript = "diff \"${PODS_ROOT}/../Podfile.lock\" \"${PODS_ROOT}/Manifest.lock\" > /dev/null\nif [[ $? != 0 ]] ; then\n    cat << EOM\nerror: The sandbox is not in sync with the Podfile.lock. Run 'pod install' or update your CocoaPods installation.\nEOM\n    exit 1\nfi\n";
			showEnvVarsInLog = 0;
		};
		9E0C230682806AD0985DA5B1 /* Embed Pods Frameworks */ = {
			isa = PBXShellScriptBuildPhase;
			buildActionMask = 2147483647;
			files = (
			);
			inputPaths = (
			);
			name = "Embed Pods Frameworks";
			outputPaths = (
			);
			runOnlyForDeploymentPostprocessing = 0;
			shellPath = /bin/sh;
			shellScript = "\"${SRCROOT}/Pods/Target Support Files/Pods/Pods-frameworks.sh\"\n";
			showEnvVarsInLog = 0;
		};
/* End PBXShellScriptBuildPhase section */

/* Begin PBXSourcesBuildPhase section */
		995032671B564B4400D792C5 /* Sources */ = {
			isa = PBXSourcesBuildPhase;
			buildActionMask = 2147483647;
			files = (
				99509E8A1B9618FA003BF7CD /* PhotosTableViewController.swift in Sources */,
				99EC40F81B5D90630093E484 /* Prefs.swift in Sources */,
				99EC40FC1B5FFB4A0093E484 /* InstagramViewController.swift in Sources */,
				31CEAC9E1CB28C6800A51F8E /* UIStoryboard.swift in Sources */,
				99B0C6361C7F9768004D8A99 /* TextField.swift in Sources */,
				997C238B1B668CFB0070DDB2 /* EventsViewController.swift in Sources */,
				99B0C6381C7FB2F6004D8A99 /* AdvancedSettingsTableViewController.swift in Sources */,
				312DB4581CBB9FF200788AF3 /* PFACL.swift in Sources */,
				993AC6191BA7293C00B677D6 /* TutorialViewController.swift in Sources */,
				3112B11F1CAABD7900AE064F /* EventsTableViewCell.swift in Sources */,
				993D3ED71B8CE1170023B054 /* Request.swift in Sources */,
				992037401C669E9C00051D06 /* CategoryHeader.swift in Sources */,
				990CA7251B8206C000591F33 /* InstructionViewController.swift in Sources */,
				99B0C6341C7F73B8004D8A99 /* EditProfileViewController.swift in Sources */,
				99FDE54B1B5A74FF004CE61B /* UserProfileViewController.swift in Sources */,
				9917D9E41B56B7830081A796 /* ListEventsViewController.swift in Sources */,
				315EE7511CAE8E7B00BD52CF /* RequestTableViewCell.swift in Sources */,
				3160BAA11CAA693400047691 /* README.md in Sources */,
				99EF69D01BC43F7E00DA0073 /* MessagesTableViewController.swift in Sources */,
				315EE7421CAE815900BD52CF /* CategoryCollectionViewCell.swift in Sources */,
				9917D9E61B56BB660081A796 /* EventDetailsViewController.swift in Sources */,
				9967D8331B7CFD10003C3CE1 /* BlurryAlertViewController.swift in Sources */,
				31CEACA71CB3989D00A51F8E /* Object.swift in Sources */,
				992037421C68D38500051D06 /* CategoryType.swift in Sources */,
				9917D9DA1B567E520081A796 /* MainRootViewController.swift in Sources */,
				8B1531B71B5F90FB007A2EC7 /* Event.swift in Sources */,
				995A57F61C6E6A4500680CB6 /* GroupDetailsViewController.swift in Sources */,
				9901A9681B57D81100947DB8 /* ProfileViewController.swift in Sources */,
				995032731B564B4400D792C5 /* LoginViewController.swift in Sources */,
				995032711B564B4400D792C5 /* AppDelegate.swift in Sources */,
				993D3EE11B90F2450023B054 /* TermsController.swift in Sources */,
				3123A43A1CB548E9000AC147 /* Installation.swift in Sources */,
				993D3EDD1B90DB2F0023B054 /* PrivacyPolicyController.swift in Sources */,
				995363491B693F4B00350133 /* CustomPointAnnotation.swift in Sources */,
				995032931B56632700D792C5 /* StartViewController.swift in Sources */,
				99B0C63A1C7FB7AA004D8A99 /* RangeViewController.swift in Sources */,
				99EF69CE1BC418B700DA0073 /* ConversationsTableViewController.swift in Sources */,
				31CEACA51CB2B58400A51F8E /* File.swift in Sources */,
				31DF59871CAE72D100621F54 /* EventPhotoTableViewCell.swift in Sources */,
				3123A4341CB40486000AC147 /* PFObject.swift in Sources */,
				99EF69CC1BC4061700DA0073 /* Message.swift in Sources */,
				99253FF61B6ABBF40078B668 /* Extensions.swift in Sources */,
				9907A3591BCBEC0C00D98A6F /* Utils.swift in Sources */,
				3160BA9F1CAA693400047691 /* Makefile in Sources */,
				3123A4301CB3EDC1000AC147 /* ObjectACL.swift in Sources */,
				9907A37B1BCE4BED00D98A6F /* Report.swift in Sources */,
				31D94CBF1CAD02FF0099A891 /* NSDate.swift in Sources */,
				995032991B56741700D792C5 /* CreateEmailAccountViewController.swift in Sources */,
				3160BAA21CAA693400047691 /* README.md in Sources */,
				315EE74C1CAE8AFC00BD52CF /* GroupsViewCell.swift in Sources */,
				9917D9E21B56A94F0081A796 /* MapEventsViewController.swift in Sources */,
				993D3ED91B8DCA900023B054 /* RequestsTableViewController.swift in Sources */,
				99A6C9FC1BDBCC4D002060C2 /* Block.swift in Sources */,
				31CEACA31CB2AA1700A51F8E /* User.swift in Sources */,
				31CEACA91CB3BAEE00A51F8E /* GeoPoint.swift in Sources */,
				3123A4321CB3FA0C000AC147 /* PFUser.swift in Sources */,
				997C23911B67B42D0070DDB2 /* ChooseCategoryViewController.swift in Sources */,
				995A57F01C6BC96000680CB6 /* NotificationsController.swift in Sources */,
				9907A35B1BCBECF500D98A6F /* KeyboardAnimationHelper.swift in Sources */,
				99509E901B99CEDC003BF7CD /* CompleteProfileViewController.swift in Sources */,
				995A57F21C6BD01200680CB6 /* RecentViewController.swift in Sources */,
				99B0C6321C77B041004D8A99 /* CategoryPickerViewController.swift in Sources */,
				99FDE5411B57EB84004CE61B /* SettingsTableViewController.swift in Sources */,
				99B0C63C1C8084D2004D8A99 /* CreateGroupViewController.swift in Sources */,
				3123A4381CB4EF7D000AC147 /* PFGeoPoint.swift in Sources */,
				995032971B5671B900D792C5 /* ChooseLocationViewController.swift in Sources */,
				995032951B566F3400D792C5 /* EventFinderViewController.swift in Sources */,
				315EE7671CAEABD200BD52CF /* TabBarController.swift in Sources */,
				99C7B8CF1B7D1D370045D44D /* Rank.swift in Sources */,
				997C238D1B67889B0070DDB2 /* MessageToUser.swift in Sources */,
				995A57F41C6CFFA200680CB6 /* Notification.swift in Sources */,
				99FDE5431B580E7D004CE61B /* CreateEventViewController.swift in Sources */,
				990CA7271B826BB200591F33 /* WriteAboutViewController.swift in Sources */,
				8B1531B91B5F9A9E007A2EC7 /* ParseHelper.swift in Sources */,
				997C238F1B6791AE0070DDB2 /* Category.swift in Sources */,
				997C23951B67BD060070DDB2 /* EventPhoto.swift in Sources */,
				997C23971B67EFCD0070DDB2 /* ChooseEventPictureViewController.swift in Sources */,
				99BFEC9F1B7A78C700CBFF8B /* ConversationParticipant.swift in Sources */,
			);
			runOnlyForDeploymentPostprocessing = 0;
		};
/* End PBXSourcesBuildPhase section */

/* Begin PBXVariantGroup section */
		315EE7631CAEAB1100BD52CF /* CreateEventTab.storyboard */ = {
			isa = PBXVariantGroup;
			children = (
				315EE7641CAEAB1100BD52CF /* Base */,
			);
			name = CreateEventTab.storyboard;
			path = ../..;
			sourceTree = "<group>";
		};
		315EE7681CAEB44000BD52CF /* GroupsTab.storyboard */ = {
			isa = PBXVariantGroup;
			children = (
				315EE7691CAEB44000BD52CF /* Base */,
			);
			name = GroupsTab.storyboard;
			path = ../..;
			sourceTree = "<group>";
		};
		315EE76B1CAEC77000BD52CF /* EventsTab.storyboard */ = {
			isa = PBXVariantGroup;
			children = (
				315EE76C1CAEC77000BD52CF /* Base */,
			);
			name = EventsTab.storyboard;
			path = ../..;
			sourceTree = "<group>";
		};
		315EE76E1CAECC8500BD52CF /* NotificationsTab.storyboard */ = {
			isa = PBXVariantGroup;
			children = (
				315EE76F1CAECC8500BD52CF /* Base */,
			);
			name = NotificationsTab.storyboard;
			path = ../..;
			sourceTree = "<group>";
		};
		995032741B564B4400D792C5 /* Main.storyboard */ = {
			isa = PBXVariantGroup;
			children = (
				995032751B564B4400D792C5 /* Base */,
			);
			name = Main.storyboard;
			path = ../..;
			sourceTree = "<group>";
		};
		995032791B564B4400D792C5 /* LaunchScreen.xib */ = {
			isa = PBXVariantGroup;
			children = (
				9950327A1B564B4400D792C5 /* Base */,
			);
			name = LaunchScreen.xib;
			sourceTree = "<group>";
		};
/* End PBXVariantGroup section */

/* Begin XCBuildConfiguration section */
		995032881B564B4400D792C5 /* Debug */ = {
			isa = XCBuildConfiguration;
			buildSettings = {
				ALWAYS_SEARCH_USER_PATHS = YES;
				CLANG_ALLOW_NON_MODULAR_INCLUDES_IN_FRAMEWORK_MODULES = NO;
				CLANG_CXX_LANGUAGE_STANDARD = "gnu++0x";
				CLANG_CXX_LIBRARY = "libc++";
				CLANG_ENABLE_MODULES = YES;
				CLANG_ENABLE_OBJC_ARC = YES;
				CLANG_WARN_BOOL_CONVERSION = YES;
				CLANG_WARN_CONSTANT_CONVERSION = YES;
				CLANG_WARN_DIRECT_OBJC_ISA_USAGE = YES_ERROR;
				CLANG_WARN_EMPTY_BODY = YES;
				CLANG_WARN_ENUM_CONVERSION = YES;
				CLANG_WARN_INT_CONVERSION = YES;
				CLANG_WARN_OBJC_ROOT_CLASS = YES_ERROR;
				CLANG_WARN_UNREACHABLE_CODE = YES;
				CLANG_WARN__DUPLICATE_METHOD_MATCH = YES;
				"CODE_SIGN_IDENTITY[sdk=iphoneos*]" = "iPhone Developer";
				COPY_PHASE_STRIP = NO;
				DEBUG_INFORMATION_FORMAT = "dwarf-with-dsym";
				ENABLE_STRICT_OBJC_MSGSEND = YES;
				ENABLE_TESTABILITY = YES;
				GCC_C_LANGUAGE_STANDARD = gnu99;
				GCC_DYNAMIC_NO_PIC = NO;
				GCC_NO_COMMON_BLOCKS = YES;
				GCC_OPTIMIZATION_LEVEL = 0;
				GCC_PREPROCESSOR_DEFINITIONS = (
					"DEBUG=1",
					"$(inherited)",
				);
				GCC_SYMBOLS_PRIVATE_EXTERN = NO;
				GCC_WARN_64_TO_32_BIT_CONVERSION = YES;
				GCC_WARN_ABOUT_RETURN_TYPE = YES_ERROR;
				GCC_WARN_UNDECLARED_SELECTOR = YES;
				GCC_WARN_UNINITIALIZED_AUTOS = YES_AGGRESSIVE;
				GCC_WARN_UNUSED_FUNCTION = YES;
				GCC_WARN_UNUSED_VARIABLE = YES;
				IPHONEOS_DEPLOYMENT_TARGET = 8.0;
				MTL_ENABLE_DEBUG_INFO = YES;
				ONLY_ACTIVE_ARCH = YES;
				PRODUCT_NAME = Friendzi;
				SDKROOT = iphoneos;
				SWIFT_OBJC_BRIDGING_HEADER = "Yay-Bridging-Header";
				SWIFT_OPTIMIZATION_LEVEL = "-Onone";
			};
			name = Debug;
		};
		995032891B564B4400D792C5 /* Release */ = {
			isa = XCBuildConfiguration;
			buildSettings = {
				ALWAYS_SEARCH_USER_PATHS = YES;
				CLANG_ALLOW_NON_MODULAR_INCLUDES_IN_FRAMEWORK_MODULES = NO;
				CLANG_CXX_LANGUAGE_STANDARD = "gnu++0x";
				CLANG_CXX_LIBRARY = "libc++";
				CLANG_ENABLE_MODULES = YES;
				CLANG_ENABLE_OBJC_ARC = YES;
				CLANG_WARN_BOOL_CONVERSION = YES;
				CLANG_WARN_CONSTANT_CONVERSION = YES;
				CLANG_WARN_DIRECT_OBJC_ISA_USAGE = YES_ERROR;
				CLANG_WARN_EMPTY_BODY = YES;
				CLANG_WARN_ENUM_CONVERSION = YES;
				CLANG_WARN_INT_CONVERSION = YES;
				CLANG_WARN_OBJC_ROOT_CLASS = YES_ERROR;
				CLANG_WARN_UNREACHABLE_CODE = YES;
				CLANG_WARN__DUPLICATE_METHOD_MATCH = YES;
				CODE_SIGN_IDENTITY = "iPhone Distribution";
				"CODE_SIGN_IDENTITY[sdk=iphoneos*]" = "iPhone Distribution";
				COPY_PHASE_STRIP = NO;
				DEBUG_INFORMATION_FORMAT = "dwarf-with-dsym";
				ENABLE_NS_ASSERTIONS = NO;
				ENABLE_STRICT_OBJC_MSGSEND = YES;
				GCC_C_LANGUAGE_STANDARD = gnu99;
				GCC_NO_COMMON_BLOCKS = YES;
				GCC_WARN_64_TO_32_BIT_CONVERSION = YES;
				GCC_WARN_ABOUT_RETURN_TYPE = YES_ERROR;
				GCC_WARN_UNDECLARED_SELECTOR = YES;
				GCC_WARN_UNINITIALIZED_AUTOS = YES_AGGRESSIVE;
				GCC_WARN_UNUSED_FUNCTION = YES;
				GCC_WARN_UNUSED_VARIABLE = YES;
				IPHONEOS_DEPLOYMENT_TARGET = 8.0;
				MTL_ENABLE_DEBUG_INFO = NO;
				PRODUCT_NAME = Friendzi;
				SDKROOT = iphoneos;
				SWIFT_OBJC_BRIDGING_HEADER = "Yay-Bridging-Header";
				VALIDATE_PRODUCT = YES;
			};
			name = Release;
		};
		9950328B1B564B4400D792C5 /* Debug */ = {
			isa = XCBuildConfiguration;
			baseConfigurationReference = 116D70F35B19AD9546398474 /* Pods.debug.xcconfig */;
			buildSettings = {
				ALWAYS_SEARCH_USER_PATHS = YES;
				ASSETCATALOG_COMPILER_APPICON_NAME = AppIcon;
				CLANG_ALLOW_NON_MODULAR_INCLUDES_IN_FRAMEWORK_MODULES = NO;
				CLANG_ENABLE_MODULES = YES;
				CODE_SIGN_IDENTITY = "iPhone Developer";
				"CODE_SIGN_IDENTITY[sdk=iphoneos*]" = "iPhone Developer";
				ENABLE_BITCODE = NO;
				FRAMEWORK_SEARCH_PATHS = (
					"$(inherited)",
					"\"$(PODS_ROOT)/GoogleAppIndexing/Frameworks\"",
				);
				HEADER_SEARCH_PATHS = (
					"$(inherited)",
					"\"${PODS_ROOT}/Headers/Public\"",
					"\"${PODS_ROOT}/Headers/Public/AFNetworking\"",
					"\"${PODS_ROOT}/Headers/Public/APTimeZones\"",
					"\"${PODS_ROOT}/Headers/Public/Bolts\"",
					"\"${PODS_ROOT}/Headers/Public/FBSDKCoreKit\"/**",
					"\"${PODS_ROOT}/Headers/Public/FBSDKLoginKit\"",
					"\"${PODS_ROOT}/Headers/Public/FBSDKShareKit\"",
					"\"${PODS_ROOT}/Headers/Public/Flurry-iOS-SDK\"",
					"\"${PODS_ROOT}/Headers/Public/GoogleAppIndexing\"",
					"\"${PODS_ROOT}/Headers/Public/InstagramKit\"",
					"\"${PODS_ROOT}/Headers/Public/MMDrawerController\"",
					"\"${PODS_ROOT}/Headers/Public/Parse\"",
					"\"${PODS_ROOT}/Headers/Public/ParseFacebookUtils\"",
					"\"${PODS_ROOT}/Headers/Public/ParseModel\"",
					"\"${PODS_ROOT}/Headers/Public/ParseUI\"",
					"\"${PODS_ROOT}/Headers/Public/SVProgressHUD\"",
					"\"${PODS_ROOT}/Headers/Public/TTRangeSlider\"",
				);
				INFOPLIST_FILE = Yay/Info.plist;
				IPHONEOS_DEPLOYMENT_TARGET = 8.0;
				LD_RUNPATH_SEARCH_PATHS = "$(inherited) @executable_path/Frameworks";
				LIBRARY_SEARCH_PATHS = (
					"$(inherited)",
					"\"$(PODS_ROOT)/Flurry-iOS-SDK/Flurry\"",
					"$(inherited)",
					"\"$(PODS_ROOT)/Parse\"",
					"$(inherited)",
					"\"$(PODS_ROOT)/ParseFacebookUtilsV4\"",
				);
				PRODUCT_NAME = Friendzi;
				PROVISIONING_PROFILE = "";
				SWIFT_OBJC_BRIDGING_HEADER = "Yay-Bridging-Header.h";
				SWIFT_OPTIMIZATION_LEVEL = "-Onone";
			};
			name = Debug;
		};
		9950328C1B564B4400D792C5 /* Release */ = {
			isa = XCBuildConfiguration;
			baseConfigurationReference = 87E5039D1AFE3D9446032CF4 /* Pods.release.xcconfig */;
			buildSettings = {
				ALWAYS_SEARCH_USER_PATHS = YES;
				ASSETCATALOG_COMPILER_APPICON_NAME = AppIcon;
				CLANG_ALLOW_NON_MODULAR_INCLUDES_IN_FRAMEWORK_MODULES = NO;
				CLANG_ENABLE_MODULES = YES;
				CODE_SIGN_IDENTITY = "iPhone Developer";
				"CODE_SIGN_IDENTITY[sdk=iphoneos*]" = "iPhone Developer";
				ENABLE_BITCODE = NO;
				FRAMEWORK_SEARCH_PATHS = (
					"$(inherited)",
					"\"$(PODS_ROOT)/GoogleAppIndexing/Frameworks\"",
				);
				HEADER_SEARCH_PATHS = (
					"$(inherited)",
					"\"${PODS_ROOT}/Headers/Public\"",
					"\"${PODS_ROOT}/Headers/Public/AFNetworking\"",
					"\"${PODS_ROOT}/Headers/Public/APTimeZones\"",
					"\"${PODS_ROOT}/Headers/Public/Bolts\"",
					"\"${PODS_ROOT}/Headers/Public/FBSDKCoreKit\"/**",
					"\"${PODS_ROOT}/Headers/Public/FBSDKLoginKit\"",
					"\"${PODS_ROOT}/Headers/Public/FBSDKShareKit\"",
					"\"${PODS_ROOT}/Headers/Public/Flurry-iOS-SDK\"",
					"\"${PODS_ROOT}/Headers/Public/GoogleAppIndexing\"",
					"\"${PODS_ROOT}/Headers/Public/InstagramKit\"",
					"\"${PODS_ROOT}/Headers/Public/MMDrawerController\"",
					"\"${PODS_ROOT}/Headers/Public/Parse\"",
					"\"${PODS_ROOT}/Headers/Public/ParseFacebookUtils\"",
					"\"${PODS_ROOT}/Headers/Public/ParseModel\"",
					"\"${PODS_ROOT}/Headers/Public/ParseUI\"",
					"\"${PODS_ROOT}/Headers/Public/SVProgressHUD\"",
					"\"${PODS_ROOT}/Headers/Public/TTRangeSlider\"",
				);
				INFOPLIST_FILE = Yay/Info.plist;
				IPHONEOS_DEPLOYMENT_TARGET = 8.0;
				LD_RUNPATH_SEARCH_PATHS = "$(inherited) @executable_path/Frameworks";
				LIBRARY_SEARCH_PATHS = (
					"$(inherited)",
					"\"$(PODS_ROOT)/Flurry-iOS-SDK/Flurry\"",
					"$(inherited)",
					"\"$(PODS_ROOT)/Parse\"",
					"$(inherited)",
					"\"$(PODS_ROOT)/ParseFacebookUtilsV4\"",
				);
				PRODUCT_NAME = Friendzi;
				PROVISIONING_PROFILE = "";
				SWIFT_OBJC_BRIDGING_HEADER = "Yay-Bridging-Header.h";
			};
			name = Release;
		};
/* End XCBuildConfiguration section */

/* Begin XCConfigurationList section */
		995032661B564B4400D792C5 /* Build configuration list for PBXProject "Friendzi" */ = {
			isa = XCConfigurationList;
			buildConfigurations = (
				995032881B564B4400D792C5 /* Debug */,
				995032891B564B4400D792C5 /* Release */,
			);
			defaultConfigurationIsVisible = 0;
			defaultConfigurationName = Release;
		};
		9950328A1B564B4400D792C5 /* Build configuration list for PBXNativeTarget "Friendzi" */ = {
			isa = XCConfigurationList;
			buildConfigurations = (
				9950328B1B564B4400D792C5 /* Debug */,
				9950328C1B564B4400D792C5 /* Release */,
			);
			defaultConfigurationIsVisible = 0;
			defaultConfigurationName = Release;
		};
/* End XCConfigurationList section */
	};
	rootObject = 995032631B564B4400D792C5 /* Project object */;
}
