// !$*UTF8*$!
{
	archiveVersion = 1;
	classes = {
	};
	objectVersion = 46;
	objects = {

/* Begin PBXBuildFile section */
		1677766AEFEAD1C56DEBE30B /* libPods.a in Frameworks */ = {isa = PBXBuildFile; fileRef = E5B76AEF60B1F139C52015C8 /* libPods.a */; };
		8B1531B71B5F90FB007A2EC7 /* Event.swift in Sources */ = {isa = PBXBuildFile; fileRef = 8B1531B61B5F90FB007A2EC7 /* Event.swift */; };
		8B1531B91B5F9A9E007A2EC7 /* ParseHelper.swift in Sources */ = {isa = PBXBuildFile; fileRef = 8B1531B81B5F9A9E007A2EC7 /* ParseHelper.swift */; };
		8B1531BB1B5FA963007A2EC7 /* CategoryType.swift in Sources */ = {isa = PBXBuildFile; fileRef = 8B1531BA1B5FA963007A2EC7 /* CategoryType.swift */; };
		9901A9681B57D81100947DB8 /* ProfileViewController.swift in Sources */ = {isa = PBXBuildFile; fileRef = 9901A9671B57D81100947DB8 /* ProfileViewController.swift */; };
		9917D9DA1B567E520081A796 /* MainRootViewController.swift in Sources */ = {isa = PBXBuildFile; fileRef = 9917D9D91B567E520081A796 /* MainRootViewController.swift */; };
		9917D9DC1B5688850081A796 /* MainNavigationController.swift in Sources */ = {isa = PBXBuildFile; fileRef = 9917D9DB1B5688850081A796 /* MainNavigationController.swift */; };
		9917D9E21B56A94F0081A796 /* MapEventsViewController.swift in Sources */ = {isa = PBXBuildFile; fileRef = 9917D9E11B56A94F0081A796 /* MapEventsViewController.swift */; };
		9917D9E41B56B7830081A796 /* ListEventsViewController.swift in Sources */ = {isa = PBXBuildFile; fileRef = 9917D9E31B56B7830081A796 /* ListEventsViewController.swift */; };
		9917D9E61B56BB660081A796 /* EventDetailsViewController.swift in Sources */ = {isa = PBXBuildFile; fileRef = 9917D9E51B56BB660081A796 /* EventDetailsViewController.swift */; };
		99253FF41B6A67970078B668 /* TempUser.swift in Sources */ = {isa = PBXBuildFile; fileRef = 99253FF31B6A67970078B668 /* TempUser.swift */; };
		99253FF61B6ABBF40078B668 /* Extensions.swift in Sources */ = {isa = PBXBuildFile; fileRef = 99253FF51B6ABBF40078B668 /* Extensions.swift */; };
		992C0E9A1B6166BF007B06BD /* ImportContactsViewController.swift in Sources */ = {isa = PBXBuildFile; fileRef = 992C0E991B6166BF007B06BD /* ImportContactsViewController.swift */; };
		995032711B564B4400D792C5 /* AppDelegate.swift in Sources */ = {isa = PBXBuildFile; fileRef = 995032701B564B4400D792C5 /* AppDelegate.swift */; };
		995032731B564B4400D792C5 /* LoginViewController.swift in Sources */ = {isa = PBXBuildFile; fileRef = 995032721B564B4400D792C5 /* LoginViewController.swift */; };
		995032761B564B4400D792C5 /* Main.storyboard in Resources */ = {isa = PBXBuildFile; fileRef = 995032741B564B4400D792C5 /* Main.storyboard */; };
		995032781B564B4400D792C5 /* Images.xcassets in Resources */ = {isa = PBXBuildFile; fileRef = 995032771B564B4400D792C5 /* Images.xcassets */; };
		9950327B1B564B4400D792C5 /* LaunchScreen.xib in Resources */ = {isa = PBXBuildFile; fileRef = 995032791B564B4400D792C5 /* LaunchScreen.xib */; };
		995032871B564B4400D792C5 /* YayTests.swift in Sources */ = {isa = PBXBuildFile; fileRef = 995032861B564B4400D792C5 /* YayTests.swift */; };
		995032931B56632700D792C5 /* StartViewController.swift in Sources */ = {isa = PBXBuildFile; fileRef = 995032921B56632700D792C5 /* StartViewController.swift */; };
		995032951B566F3400D792C5 /* EventFinderViewController.swift in Sources */ = {isa = PBXBuildFile; fileRef = 995032941B566F3400D792C5 /* EventFinderViewController.swift */; };
		995032971B5671B900D792C5 /* ChooseLocationViewController.swift in Sources */ = {isa = PBXBuildFile; fileRef = 995032961B5671B900D792C5 /* ChooseLocationViewController.swift */; };
		995032991B56741700D792C5 /* CreateEmailAccountViewController.swift in Sources */ = {isa = PBXBuildFile; fileRef = 995032981B56741700D792C5 /* CreateEmailAccountViewController.swift */; };
		995363491B693F4B00350133 /* CustomPointAnnotation.swift in Sources */ = {isa = PBXBuildFile; fileRef = 995363481B693F4B00350133 /* CustomPointAnnotation.swift */; };
		997C23881B6667F10070DDB2 /* EventsTableViewCell.swift in Sources */ = {isa = PBXBuildFile; fileRef = 997C23871B6667F10070DDB2 /* EventsTableViewCell.swift */; };
		997C238B1B668CFB0070DDB2 /* EventsViewController.swift in Sources */ = {isa = PBXBuildFile; fileRef = 997C238A1B668CFB0070DDB2 /* EventsViewController.swift */; };
		997C238D1B67889B0070DDB2 /* MessageToUser.swift in Sources */ = {isa = PBXBuildFile; fileRef = 997C238C1B67889B0070DDB2 /* MessageToUser.swift */; };
		997C238F1B6791AE0070DDB2 /* Category.swift in Sources */ = {isa = PBXBuildFile; fileRef = 997C238E1B6791AE0070DDB2 /* Category.swift */; };
		997C23911B67B42D0070DDB2 /* ChooseCategoryViewController.swift in Sources */ = {isa = PBXBuildFile; fileRef = 997C23901B67B42D0070DDB2 /* ChooseCategoryViewController.swift */; };
		997C23931B67B9960070DDB2 /* CategoryCollectionViewCell.swift in Sources */ = {isa = PBXBuildFile; fileRef = 997C23921B67B9960070DDB2 /* CategoryCollectionViewCell.swift */; };
		997C23951B67BD060070DDB2 /* EventPhoto.swift in Sources */ = {isa = PBXBuildFile; fileRef = 997C23941B67BD060070DDB2 /* EventPhoto.swift */; };
		997C23971B67EFCD0070DDB2 /* ChooseEventPictureViewController.swift in Sources */ = {isa = PBXBuildFile; fileRef = 997C23961B67EFCD0070DDB2 /* ChooseEventPictureViewController.swift */; };
		997C23991B67F6250070DDB2 /* EventPhotoTableViewCell.swift in Sources */ = {isa = PBXBuildFile; fileRef = 997C23981B67F6250070DDB2 /* EventPhotoTableViewCell.swift */; };
		99EC40F61B5D397A0093E484 /* PatternValidator.swift in Sources */ = {isa = PBXBuildFile; fileRef = 99EC40F51B5D397A0093E484 /* PatternValidator.swift */; };
		99EC40F81B5D90630093E484 /* Prefs.swift in Sources */ = {isa = PBXBuildFile; fileRef = 99EC40F71B5D90630093E484 /* Prefs.swift */; };
		99EC40FA1B5D916A0093E484 /* LoginType.swift in Sources */ = {isa = PBXBuildFile; fileRef = 99EC40F91B5D916A0093E484 /* LoginType.swift */; };
		99EC40FC1B5FFB4A0093E484 /* InstagramViewController.swift in Sources */ = {isa = PBXBuildFile; fileRef = 99EC40FB1B5FFB490093E484 /* InstagramViewController.swift */; };
		99FDE5411B57EB84004CE61B /* SettingsTableViewController.swift in Sources */ = {isa = PBXBuildFile; fileRef = 99FDE5401B57EB84004CE61B /* SettingsTableViewController.swift */; };
		99FDE5431B580E7D004CE61B /* CreateEventViewController.swift in Sources */ = {isa = PBXBuildFile; fileRef = 99FDE5421B580E7D004CE61B /* CreateEventViewController.swift */; };
		99FDE5451B58E972004CE61B /* ChooseDateTimeViewController.swift in Sources */ = {isa = PBXBuildFile; fileRef = 99FDE5441B58E972004CE61B /* ChooseDateTimeViewController.swift */; };
		99FDE54B1B5A74FF004CE61B /* UserProfileViewController.swift in Sources */ = {isa = PBXBuildFile; fileRef = 99FDE54A1B5A74FF004CE61B /* UserProfileViewController.swift */; };
/* End PBXBuildFile section */

/* Begin PBXContainerItemProxy section */
		995032811B564B4400D792C5 /* PBXContainerItemProxy */ = {
			isa = PBXContainerItemProxy;
			containerPortal = 995032631B564B4400D792C5 /* Project object */;
			proxyType = 1;
			remoteGlobalIDString = 9950326A1B564B4400D792C5;
			remoteInfo = Yay;
		};
/* End PBXContainerItemProxy section */

/* Begin PBXFileReference section */
		116D70F35B19AD9546398474 /* Pods.debug.xcconfig */ = {isa = PBXFileReference; includeInIndex = 1; lastKnownFileType = text.xcconfig; name = Pods.debug.xcconfig; path = "Pods/Target Support Files/Pods/Pods.debug.xcconfig"; sourceTree = "<group>"; };
		87E5039D1AFE3D9446032CF4 /* Pods.release.xcconfig */ = {isa = PBXFileReference; includeInIndex = 1; lastKnownFileType = text.xcconfig; name = Pods.release.xcconfig; path = "Pods/Target Support Files/Pods/Pods.release.xcconfig"; sourceTree = "<group>"; };
		8B1531B61B5F90FB007A2EC7 /* Event.swift */ = {isa = PBXFileReference; fileEncoding = 4; lastKnownFileType = sourcecode.swift; path = Event.swift; sourceTree = "<group>"; };
		8B1531B81B5F9A9E007A2EC7 /* ParseHelper.swift */ = {isa = PBXFileReference; fileEncoding = 4; lastKnownFileType = sourcecode.swift; path = ParseHelper.swift; sourceTree = "<group>"; };
		8B1531BA1B5FA963007A2EC7 /* CategoryType.swift */ = {isa = PBXFileReference; fileEncoding = 4; lastKnownFileType = sourcecode.swift; path = CategoryType.swift; sourceTree = "<group>"; };
		9901A9641B57D55C00947DB8 /* Yay-Bridging-Header.h */ = {isa = PBXFileReference; lastKnownFileType = sourcecode.c.h; path = "Yay-Bridging-Header.h"; sourceTree = SOURCE_ROOT; };
		9901A9671B57D81100947DB8 /* ProfileViewController.swift */ = {isa = PBXFileReference; fileEncoding = 4; lastKnownFileType = sourcecode.swift; path = ProfileViewController.swift; sourceTree = "<group>"; };
		9917D9D91B567E520081A796 /* MainRootViewController.swift */ = {isa = PBXFileReference; fileEncoding = 4; lastKnownFileType = sourcecode.swift; path = MainRootViewController.swift; sourceTree = "<group>"; };
		9917D9DB1B5688850081A796 /* MainNavigationController.swift */ = {isa = PBXFileReference; fileEncoding = 4; lastKnownFileType = sourcecode.swift; path = MainNavigationController.swift; sourceTree = "<group>"; };
		9917D9E11B56A94F0081A796 /* MapEventsViewController.swift */ = {isa = PBXFileReference; fileEncoding = 4; lastKnownFileType = sourcecode.swift; path = MapEventsViewController.swift; sourceTree = "<group>"; };
		9917D9E31B56B7830081A796 /* ListEventsViewController.swift */ = {isa = PBXFileReference; fileEncoding = 4; lastKnownFileType = sourcecode.swift; path = ListEventsViewController.swift; sourceTree = "<group>"; };
		9917D9E51B56BB660081A796 /* EventDetailsViewController.swift */ = {isa = PBXFileReference; fileEncoding = 4; lastKnownFileType = sourcecode.swift; path = EventDetailsViewController.swift; sourceTree = "<group>"; };
		99253FF31B6A67970078B668 /* TempUser.swift */ = {isa = PBXFileReference; fileEncoding = 4; lastKnownFileType = sourcecode.swift; path = TempUser.swift; sourceTree = "<group>"; };
		99253FF51B6ABBF40078B668 /* Extensions.swift */ = {isa = PBXFileReference; fileEncoding = 4; lastKnownFileType = sourcecode.swift; path = Extensions.swift; sourceTree = "<group>"; };
		992C0E991B6166BF007B06BD /* ImportContactsViewController.swift */ = {isa = PBXFileReference; fileEncoding = 4; lastKnownFileType = sourcecode.swift; path = ImportContactsViewController.swift; sourceTree = "<group>"; };
		9950326B1B564B4400D792C5 /* Friendzy.app */ = {isa = PBXFileReference; explicitFileType = wrapper.application; includeInIndex = 0; path = Friendzy.app; sourceTree = BUILT_PRODUCTS_DIR; };
		9950326F1B564B4400D792C5 /* Info.plist */ = {isa = PBXFileReference; lastKnownFileType = text.plist.xml; path = Info.plist; sourceTree = "<group>"; };
		995032701B564B4400D792C5 /* AppDelegate.swift */ = {isa = PBXFileReference; lastKnownFileType = sourcecode.swift; path = AppDelegate.swift; sourceTree = "<group>"; };
		995032721B564B4400D792C5 /* LoginViewController.swift */ = {isa = PBXFileReference; lastKnownFileType = sourcecode.swift; path = LoginViewController.swift; sourceTree = "<group>"; };
		995032751B564B4400D792C5 /* Base */ = {isa = PBXFileReference; lastKnownFileType = file.storyboard; name = Base; path = Base.lproj/Main.storyboard; sourceTree = "<group>"; };
		995032771B564B4400D792C5 /* Images.xcassets */ = {isa = PBXFileReference; lastKnownFileType = folder.assetcatalog; path = Images.xcassets; sourceTree = "<group>"; };
		9950327A1B564B4400D792C5 /* Base */ = {isa = PBXFileReference; lastKnownFileType = file.xib; name = Base; path = Base.lproj/LaunchScreen.xib; sourceTree = "<group>"; };
		995032801B564B4400D792C5 /* FriendzyTests.xctest */ = {isa = PBXFileReference; explicitFileType = wrapper.cfbundle; includeInIndex = 0; path = FriendzyTests.xctest; sourceTree = BUILT_PRODUCTS_DIR; };
		995032851B564B4400D792C5 /* Info.plist */ = {isa = PBXFileReference; lastKnownFileType = text.plist.xml; path = Info.plist; sourceTree = "<group>"; };
		995032861B564B4400D792C5 /* YayTests.swift */ = {isa = PBXFileReference; lastKnownFileType = sourcecode.swift; path = YayTests.swift; sourceTree = "<group>"; };
		995032921B56632700D792C5 /* StartViewController.swift */ = {isa = PBXFileReference; fileEncoding = 4; lastKnownFileType = sourcecode.swift; path = StartViewController.swift; sourceTree = "<group>"; };
		995032941B566F3400D792C5 /* EventFinderViewController.swift */ = {isa = PBXFileReference; fileEncoding = 4; lastKnownFileType = sourcecode.swift; path = EventFinderViewController.swift; sourceTree = "<group>"; };
		995032961B5671B900D792C5 /* ChooseLocationViewController.swift */ = {isa = PBXFileReference; fileEncoding = 4; lastKnownFileType = sourcecode.swift; path = ChooseLocationViewController.swift; sourceTree = "<group>"; };
		995032981B56741700D792C5 /* CreateEmailAccountViewController.swift */ = {isa = PBXFileReference; fileEncoding = 4; lastKnownFileType = sourcecode.swift; path = CreateEmailAccountViewController.swift; sourceTree = "<group>"; };
		995363481B693F4B00350133 /* CustomPointAnnotation.swift */ = {isa = PBXFileReference; fileEncoding = 4; lastKnownFileType = sourcecode.swift; path = CustomPointAnnotation.swift; sourceTree = "<group>"; };
		997C23871B6667F10070DDB2 /* EventsTableViewCell.swift */ = {isa = PBXFileReference; fileEncoding = 4; lastKnownFileType = sourcecode.swift; path = EventsTableViewCell.swift; sourceTree = "<group>"; };
		997C238A1B668CFB0070DDB2 /* EventsViewController.swift */ = {isa = PBXFileReference; fileEncoding = 4; lastKnownFileType = sourcecode.swift; path = EventsViewController.swift; sourceTree = "<group>"; };
		997C238C1B67889B0070DDB2 /* MessageToUser.swift */ = {isa = PBXFileReference; fileEncoding = 4; lastKnownFileType = sourcecode.swift; path = MessageToUser.swift; sourceTree = "<group>"; };
		997C238E1B6791AE0070DDB2 /* Category.swift */ = {isa = PBXFileReference; fileEncoding = 4; lastKnownFileType = sourcecode.swift; path = Category.swift; sourceTree = "<group>"; };
		997C23901B67B42D0070DDB2 /* ChooseCategoryViewController.swift */ = {isa = PBXFileReference; fileEncoding = 4; lastKnownFileType = sourcecode.swift; path = ChooseCategoryViewController.swift; sourceTree = "<group>"; };
		997C23921B67B9960070DDB2 /* CategoryCollectionViewCell.swift */ = {isa = PBXFileReference; fileEncoding = 4; lastKnownFileType = sourcecode.swift; path = CategoryCollectionViewCell.swift; sourceTree = "<group>"; };
		997C23941B67BD060070DDB2 /* EventPhoto.swift */ = {isa = PBXFileReference; fileEncoding = 4; lastKnownFileType = sourcecode.swift; path = EventPhoto.swift; sourceTree = "<group>"; };
		997C23961B67EFCD0070DDB2 /* ChooseEventPictureViewController.swift */ = {isa = PBXFileReference; fileEncoding = 4; lastKnownFileType = sourcecode.swift; path = ChooseEventPictureViewController.swift; sourceTree = "<group>"; };
		997C23981B67F6250070DDB2 /* EventPhotoTableViewCell.swift */ = {isa = PBXFileReference; fileEncoding = 4; lastKnownFileType = sourcecode.swift; path = EventPhotoTableViewCell.swift; sourceTree = "<group>"; };
		99EC40F51B5D397A0093E484 /* PatternValidator.swift */ = {isa = PBXFileReference; fileEncoding = 4; lastKnownFileType = sourcecode.swift; path = PatternValidator.swift; sourceTree = "<group>"; };
		99EC40F71B5D90630093E484 /* Prefs.swift */ = {isa = PBXFileReference; fileEncoding = 4; lastKnownFileType = sourcecode.swift; path = Prefs.swift; sourceTree = "<group>"; };
		99EC40F91B5D916A0093E484 /* LoginType.swift */ = {isa = PBXFileReference; fileEncoding = 4; lastKnownFileType = sourcecode.swift; path = LoginType.swift; sourceTree = "<group>"; };
		99EC40FB1B5FFB490093E484 /* InstagramViewController.swift */ = {isa = PBXFileReference; fileEncoding = 4; lastKnownFileType = sourcecode.swift; path = InstagramViewController.swift; sourceTree = "<group>"; };
		99FDE5401B57EB84004CE61B /* SettingsTableViewController.swift */ = {isa = PBXFileReference; fileEncoding = 4; lastKnownFileType = sourcecode.swift; path = SettingsTableViewController.swift; sourceTree = "<group>"; };
		99FDE5421B580E7D004CE61B /* CreateEventViewController.swift */ = {isa = PBXFileReference; fileEncoding = 4; lastKnownFileType = sourcecode.swift; path = CreateEventViewController.swift; sourceTree = "<group>"; };
		99FDE5441B58E972004CE61B /* ChooseDateTimeViewController.swift */ = {isa = PBXFileReference; fileEncoding = 4; lastKnownFileType = sourcecode.swift; path = ChooseDateTimeViewController.swift; sourceTree = "<group>"; };
		99FDE54A1B5A74FF004CE61B /* UserProfileViewController.swift */ = {isa = PBXFileReference; fileEncoding = 4; lastKnownFileType = sourcecode.swift; path = UserProfileViewController.swift; sourceTree = "<group>"; };
		E5B76AEF60B1F139C52015C8 /* libPods.a */ = {isa = PBXFileReference; explicitFileType = archive.ar; includeInIndex = 0; path = libPods.a; sourceTree = BUILT_PRODUCTS_DIR; };
/* End PBXFileReference section */

/* Begin PBXFrameworksBuildPhase section */
		995032681B564B4400D792C5 /* Frameworks */ = {
			isa = PBXFrameworksBuildPhase;
			buildActionMask = 2147483647;
			files = (
				1677766AEFEAD1C56DEBE30B /* libPods.a in Frameworks */,
			);
			runOnlyForDeploymentPostprocessing = 0;
		};
		9950327D1B564B4400D792C5 /* Frameworks */ = {
			isa = PBXFrameworksBuildPhase;
			buildActionMask = 2147483647;
			files = (
			);
			runOnlyForDeploymentPostprocessing = 0;
		};
/* End PBXFrameworksBuildPhase section */

/* Begin PBXGroup section */
		7F1CE1198C8FF0D6E40770ED /* Pods */ = {
			isa = PBXGroup;
			children = (
				116D70F35B19AD9546398474 /* Pods.debug.xcconfig */,
				87E5039D1AFE3D9446032CF4 /* Pods.release.xcconfig */,
			);
			name = Pods;
			sourceTree = "<group>";
		};
		8B1531B51B5F90E1007A2EC7 /* Models */ = {
			isa = PBXGroup;
			children = (
				8B1531B61B5F90FB007A2EC7 /* Event.swift */,
				997C238E1B6791AE0070DDB2 /* Category.swift */,
				997C23941B67BD060070DDB2 /* EventPhoto.swift */,
				99253FF31B6A67970078B668 /* TempUser.swift */,
			);
			path = Models;
			sourceTree = "<group>";
		};
		995032621B564B4400D792C5 = {
			isa = PBXGroup;
			children = (
				9950326D1B564B4400D792C5 /* Yay */,
				995032831B564B4400D792C5 /* YayTests */,
				9950326C1B564B4400D792C5 /* Products */,
				7F1CE1198C8FF0D6E40770ED /* Pods */,
				FDEA8E2942B6E4C28740DB53 /* Frameworks */,
			);
			sourceTree = "<group>";
		};
		9950326C1B564B4400D792C5 /* Products */ = {
			isa = PBXGroup;
			children = (
				9950326B1B564B4400D792C5 /* Friendzy.app */,
				995032801B564B4400D792C5 /* FriendzyTests.xctest */,
			);
			name = Products;
			sourceTree = "<group>";
		};
		9950326D1B564B4400D792C5 /* Yay */ = {
			isa = PBXGroup;
			children = (
				9901A9641B57D55C00947DB8 /* Yay-Bridging-Header.h */,
				997C23891B6668000070DDB2 /* views */,
				8B1531B51B5F90E1007A2EC7 /* Models */,
				995032911B5662C300D792C5 /* controllers */,
				995032901B56595F00D792C5 /* util */,
				995032701B564B4400D792C5 /* AppDelegate.swift */,
				995032741B564B4400D792C5 /* Main.storyboard */,
				995032771B564B4400D792C5 /* Images.xcassets */,
				995032791B564B4400D792C5 /* LaunchScreen.xib */,
				9950326E1B564B4400D792C5 /* Supporting Files */,
			);
			path = Yay;
			sourceTree = "<group>";
		};
		9950326E1B564B4400D792C5 /* Supporting Files */ = {
			isa = PBXGroup;
			children = (
				9950326F1B564B4400D792C5 /* Info.plist */,
			);
			name = "Supporting Files";
			sourceTree = "<group>";
		};
		995032831B564B4400D792C5 /* YayTests */ = {
			isa = PBXGroup;
			children = (
				995032861B564B4400D792C5 /* YayTests.swift */,
				995032841B564B4400D792C5 /* Supporting Files */,
			);
			path = YayTests;
			sourceTree = "<group>";
		};
		995032841B564B4400D792C5 /* Supporting Files */ = {
			isa = PBXGroup;
			children = (
				995032851B564B4400D792C5 /* Info.plist */,
			);
			name = "Supporting Files";
			sourceTree = "<group>";
		};
		995032901B56595F00D792C5 /* util */ = {
			isa = PBXGroup;
			children = (
				997C238C1B67889B0070DDB2 /* MessageToUser.swift */,
				99EC40F91B5D916A0093E484 /* LoginType.swift */,
				99EC40F71B5D90630093E484 /* Prefs.swift */,
				99EC40F51B5D397A0093E484 /* PatternValidator.swift */,
				8B1531BA1B5FA963007A2EC7 /* CategoryType.swift */,
				8B1531B81B5F9A9E007A2EC7 /* ParseHelper.swift */,
				99253FF51B6ABBF40078B668 /* Extensions.swift */,
			);
			name = util;
			sourceTree = "<group>";
		};
		995032911B5662C300D792C5 /* controllers */ = {
			isa = PBXGroup;
			children = (
				995032721B564B4400D792C5 /* LoginViewController.swift */,
				995032921B56632700D792C5 /* StartViewController.swift */,
				995032941B566F3400D792C5 /* EventFinderViewController.swift */,
				995032961B5671B900D792C5 /* ChooseLocationViewController.swift */,
				995032981B56741700D792C5 /* CreateEmailAccountViewController.swift */,
				9917D9D91B567E520081A796 /* MainRootViewController.swift */,
				9917D9DB1B5688850081A796 /* MainNavigationController.swift */,
				9917D9E11B56A94F0081A796 /* MapEventsViewController.swift */,
				9917D9E31B56B7830081A796 /* ListEventsViewController.swift */,
				997C238A1B668CFB0070DDB2 /* EventsViewController.swift */,
				9917D9E51B56BB660081A796 /* EventDetailsViewController.swift */,
				9901A9671B57D81100947DB8 /* ProfileViewController.swift */,
				99FDE5401B57EB84004CE61B /* SettingsTableViewController.swift */,
				99FDE5421B580E7D004CE61B /* CreateEventViewController.swift */,
				99FDE5441B58E972004CE61B /* ChooseDateTimeViewController.swift */,
				99FDE54A1B5A74FF004CE61B /* UserProfileViewController.swift */,
				99EC40FB1B5FFB490093E484 /* InstagramViewController.swift */,
				992C0E991B6166BF007B06BD /* ImportContactsViewController.swift */,
				997C23901B67B42D0070DDB2 /* ChooseCategoryViewController.swift */,
				997C23961B67EFCD0070DDB2 /* ChooseEventPictureViewController.swift */,
			);
			name = controllers;
			sourceTree = "<group>";
		};
		997C23891B6668000070DDB2 /* views */ = {
			isa = PBXGroup;
			children = (
				997C23871B6667F10070DDB2 /* EventsTableViewCell.swift */,
				997C23921B67B9960070DDB2 /* CategoryCollectionViewCell.swift */,
				997C23981B67F6250070DDB2 /* EventPhotoTableViewCell.swift */,
				995363481B693F4B00350133 /* CustomPointAnnotation.swift */,
			);
			name = views;
			sourceTree = "<group>";
		};
		FDEA8E2942B6E4C28740DB53 /* Frameworks */ = {
			isa = PBXGroup;
			children = (
				E5B76AEF60B1F139C52015C8 /* libPods.a */,
			);
			name = Frameworks;
			sourceTree = "<group>";
		};
/* End PBXGroup section */

/* Begin PBXNativeTarget section */
		9950326A1B564B4400D792C5 /* Friendzy */ = {
			isa = PBXNativeTarget;
			buildConfigurationList = 9950328A1B564B4400D792C5 /* Build configuration list for PBXNativeTarget "Friendzy" */;
			buildPhases = (
				6115CB11EBC914CC354FCFB9 /* Check Pods Manifest.lock */,
				995032671B564B4400D792C5 /* Sources */,
				995032681B564B4400D792C5 /* Frameworks */,
				995032691B564B4400D792C5 /* Resources */,
				341618644D4D29C684606F4E /* Copy Pods Resources */,
			);
			buildRules = (
			);
			dependencies = (
			);
			name = Friendzy;
			productName = Yay;
			productReference = 9950326B1B564B4400D792C5 /* Friendzy.app */;
			productType = "com.apple.product-type.application";
		};
		9950327F1B564B4400D792C5 /* FriendzyTests */ = {
			isa = PBXNativeTarget;
			buildConfigurationList = 9950328D1B564B4400D792C5 /* Build configuration list for PBXNativeTarget "FriendzyTests" */;
			buildPhases = (
				9950327C1B564B4400D792C5 /* Sources */,
				9950327D1B564B4400D792C5 /* Frameworks */,
				9950327E1B564B4400D792C5 /* Resources */,
			);
			buildRules = (
			);
			dependencies = (
				995032821B564B4400D792C5 /* PBXTargetDependency */,
			);
			name = FriendzyTests;
			productName = YayTests;
			productReference = 995032801B564B4400D792C5 /* FriendzyTests.xctest */;
			productType = "com.apple.product-type.bundle.unit-test";
		};
/* End PBXNativeTarget section */

/* Begin PBXProject section */
		995032631B564B4400D792C5 /* Project object */ = {
			isa = PBXProject;
			attributes = {
				LastUpgradeCheck = 0640;
				ORGANIZATIONNAME = "KrazyLab LLC";
				TargetAttributes = {
					9950326A1B564B4400D792C5 = {
						CreatedOnToolsVersion = 6.4;
					};
					9950327F1B564B4400D792C5 = {
						CreatedOnToolsVersion = 6.4;
						TestTargetID = 9950326A1B564B4400D792C5;
					};
				};
			};
			buildConfigurationList = 995032661B564B4400D792C5 /* Build configuration list for PBXProject "Friendzy" */;
			compatibilityVersion = "Xcode 3.2";
			developmentRegion = English;
			hasScannedForEncodings = 0;
			knownRegions = (
				en,
				Base,
			);
			mainGroup = 995032621B564B4400D792C5;
			productRefGroup = 9950326C1B564B4400D792C5 /* Products */;
			projectDirPath = "";
			projectRoot = "";
			targets = (
				9950326A1B564B4400D792C5 /* Friendzy */,
				9950327F1B564B4400D792C5 /* FriendzyTests */,
			);
		};
/* End PBXProject section */

/* Begin PBXResourcesBuildPhase section */
		995032691B564B4400D792C5 /* Resources */ = {
			isa = PBXResourcesBuildPhase;
			buildActionMask = 2147483647;
			files = (
				995032761B564B4400D792C5 /* Main.storyboard in Resources */,
				9950327B1B564B4400D792C5 /* LaunchScreen.xib in Resources */,
				995032781B564B4400D792C5 /* Images.xcassets in Resources */,
			);
			runOnlyForDeploymentPostprocessing = 0;
		};
		9950327E1B564B4400D792C5 /* Resources */ = {
			isa = PBXResourcesBuildPhase;
			buildActionMask = 2147483647;
			files = (
			);
			runOnlyForDeploymentPostprocessing = 0;
		};
/* End PBXResourcesBuildPhase section */

/* Begin PBXShellScriptBuildPhase section */
		341618644D4D29C684606F4E /* Copy Pods Resources */ = {
			isa = PBXShellScriptBuildPhase;
			buildActionMask = 2147483647;
			files = (
			);
			inputPaths = (
			);
			name = "Copy Pods Resources";
			outputPaths = (
			);
			runOnlyForDeploymentPostprocessing = 0;
			shellPath = /bin/sh;
			shellScript = "\"${SRCROOT}/Pods/Target Support Files/Pods/Pods-resources.sh\"\n";
			showEnvVarsInLog = 0;
		};
		6115CB11EBC914CC354FCFB9 /* Check Pods Manifest.lock */ = {
			isa = PBXShellScriptBuildPhase;
			buildActionMask = 2147483647;
			files = (
			);
			inputPaths = (
			);
			name = "Check Pods Manifest.lock";
			outputPaths = (
			);
			runOnlyForDeploymentPostprocessing = 0;
			shellPath = /bin/sh;
			shellScript = "diff \"${PODS_ROOT}/../Podfile.lock\" \"${PODS_ROOT}/Manifest.lock\" > /dev/null\nif [[ $? != 0 ]] ; then\n    cat << EOM\nerror: The sandbox is not in sync with the Podfile.lock. Run 'pod install' or update your CocoaPods installation.\nEOM\n    exit 1\nfi\n";
			showEnvVarsInLog = 0;
		};
/* End PBXShellScriptBuildPhase section */

/* Begin PBXSourcesBuildPhase section */
		995032671B564B4400D792C5 /* Sources */ = {
			isa = PBXSourcesBuildPhase;
			buildActionMask = 2147483647;
			files = (
				99EC40F81B5D90630093E484 /* Prefs.swift in Sources */,
				99EC40FC1B5FFB4A0093E484 /* InstagramViewController.swift in Sources */,
				997C238B1B668CFB0070DDB2 /* EventsViewController.swift in Sources */,
				99EC40F61B5D397A0093E484 /* PatternValidator.swift in Sources */,
				997C23991B67F6250070DDB2 /* EventPhotoTableViewCell.swift in Sources */,
				99FDE5451B58E972004CE61B /* ChooseDateTimeViewController.swift in Sources */,
				99FDE54B1B5A74FF004CE61B /* UserProfileViewController.swift in Sources */,
				9917D9E41B56B7830081A796 /* ListEventsViewController.swift in Sources */,
				9917D9E61B56BB660081A796 /* EventDetailsViewController.swift in Sources */,
				997C23881B6667F10070DDB2 /* EventsTableViewCell.swift in Sources */,
				9917D9DA1B567E520081A796 /* MainRootViewController.swift in Sources */,
				8B1531B71B5F90FB007A2EC7 /* Event.swift in Sources */,
				9901A9681B57D81100947DB8 /* ProfileViewController.swift in Sources */,
				995032731B564B4400D792C5 /* LoginViewController.swift in Sources */,
				995032711B564B4400D792C5 /* AppDelegate.swift in Sources */,
				99EC40FA1B5D916A0093E484 /* LoginType.swift in Sources */,
				995363491B693F4B00350133 /* CustomPointAnnotation.swift in Sources */,
				995032931B56632700D792C5 /* StartViewController.swift in Sources */,
				997C23931B67B9960070DDB2 /* CategoryCollectionViewCell.swift in Sources */,
				99253FF61B6ABBF40078B668 /* Extensions.swift in Sources */,
				995032991B56741700D792C5 /* CreateEmailAccountViewController.swift in Sources */,
				9917D9E21B56A94F0081A796 /* MapEventsViewController.swift in Sources */,
				997C23911B67B42D0070DDB2 /* ChooseCategoryViewController.swift in Sources */,
				8B1531BB1B5FA963007A2EC7 /* CategoryType.swift in Sources */,
				992C0E9A1B6166BF007B06BD /* ImportContactsViewController.swift in Sources */,
				99253FF41B6A67970078B668 /* TempUser.swift in Sources */,
				99FDE5411B57EB84004CE61B /* SettingsTableViewController.swift in Sources */,
				995032971B5671B900D792C5 /* ChooseLocationViewController.swift in Sources */,
				995032951B566F3400D792C5 /* EventFinderViewController.swift in Sources */,
				9917D9DC1B5688850081A796 /* MainNavigationController.swift in Sources */,
				997C238D1B67889B0070DDB2 /* MessageToUser.swift in Sources */,
				99FDE5431B580E7D004CE61B /* CreateEventViewController.swift in Sources */,
				8B1531B91B5F9A9E007A2EC7 /* ParseHelper.swift in Sources */,
				997C238F1B6791AE0070DDB2 /* Category.swift in Sources */,
				997C23951B67BD060070DDB2 /* EventPhoto.swift in Sources */,
				997C23971B67EFCD0070DDB2 /* ChooseEventPictureViewController.swift in Sources */,
			);
			runOnlyForDeploymentPostprocessing = 0;
		};
		9950327C1B564B4400D792C5 /* Sources */ = {
			isa = PBXSourcesBuildPhase;
			buildActionMask = 2147483647;
			files = (
				995032871B564B4400D792C5 /* YayTests.swift in Sources */,
			);
			runOnlyForDeploymentPostprocessing = 0;
		};
/* End PBXSourcesBuildPhase section */

/* Begin PBXTargetDependency section */
		995032821B564B4400D792C5 /* PBXTargetDependency */ = {
			isa = PBXTargetDependency;
			target = 9950326A1B564B4400D792C5 /* Friendzy */;
			targetProxy = 995032811B564B4400D792C5 /* PBXContainerItemProxy */;
		};
/* End PBXTargetDependency section */

/* Begin PBXVariantGroup section */
		995032741B564B4400D792C5 /* Main.storyboard */ = {
			isa = PBXVariantGroup;
			children = (
				995032751B564B4400D792C5 /* Base */,
			);
			name = Main.storyboard;
			sourceTree = "<group>";
		};
		995032791B564B4400D792C5 /* LaunchScreen.xib */ = {
			isa = PBXVariantGroup;
			children = (
				9950327A1B564B4400D792C5 /* Base */,
			);
			name = LaunchScreen.xib;
			sourceTree = "<group>";
		};
/* End PBXVariantGroup section */

/* Begin XCBuildConfiguration section */
		995032881B564B4400D792C5 /* Debug */ = {
			isa = XCBuildConfiguration;
			buildSettings = {
				ALWAYS_SEARCH_USER_PATHS = NO;
				CLANG_CXX_LANGUAGE_STANDARD = "gnu++0x";
				CLANG_CXX_LIBRARY = "libc++";
				CLANG_ENABLE_MODULES = YES;
				CLANG_ENABLE_OBJC_ARC = YES;
				CLANG_WARN_BOOL_CONVERSION = YES;
				CLANG_WARN_CONSTANT_CONVERSION = YES;
				CLANG_WARN_DIRECT_OBJC_ISA_USAGE = YES_ERROR;
				CLANG_WARN_EMPTY_BODY = YES;
				CLANG_WARN_ENUM_CONVERSION = YES;
				CLANG_WARN_INT_CONVERSION = YES;
				CLANG_WARN_OBJC_ROOT_CLASS = YES_ERROR;
				CLANG_WARN_UNREACHABLE_CODE = YES;
				CLANG_WARN__DUPLICATE_METHOD_MATCH = YES;
				"CODE_SIGN_IDENTITY[sdk=iphoneos*]" = "iPhone Developer";
				COPY_PHASE_STRIP = NO;
				DEBUG_INFORMATION_FORMAT = "dwarf-with-dsym";
				ENABLE_STRICT_OBJC_MSGSEND = YES;
				GCC_C_LANGUAGE_STANDARD = gnu99;
				GCC_DYNAMIC_NO_PIC = NO;
				GCC_NO_COMMON_BLOCKS = YES;
				GCC_OPTIMIZATION_LEVEL = 0;
				GCC_PREPROCESSOR_DEFINITIONS = (
					"DEBUG=1",
					"$(inherited)",
				);
				GCC_SYMBOLS_PRIVATE_EXTERN = NO;
				GCC_WARN_64_TO_32_BIT_CONVERSION = YES;
				GCC_WARN_ABOUT_RETURN_TYPE = YES_ERROR;
				GCC_WARN_UNDECLARED_SELECTOR = YES;
				GCC_WARN_UNINITIALIZED_AUTOS = YES_AGGRESSIVE;
				GCC_WARN_UNUSED_FUNCTION = YES;
				GCC_WARN_UNUSED_VARIABLE = YES;
				IPHONEOS_DEPLOYMENT_TARGET = 8.4;
				MTL_ENABLE_DEBUG_INFO = YES;
				ONLY_ACTIVE_ARCH = YES;
				SDKROOT = iphoneos;
				SWIFT_OPTIMIZATION_LEVEL = "-Onone";
			};
			name = Debug;
		};
		995032891B564B4400D792C5 /* Release */ = {
			isa = XCBuildConfiguration;
			buildSettings = {
				ALWAYS_SEARCH_USER_PATHS = NO;
				CLANG_CXX_LANGUAGE_STANDARD = "gnu++0x";
				CLANG_CXX_LIBRARY = "libc++";
				CLANG_ENABLE_MODULES = YES;
				CLANG_ENABLE_OBJC_ARC = YES;
				CLANG_WARN_BOOL_CONVERSION = YES;
				CLANG_WARN_CONSTANT_CONVERSION = YES;
				CLANG_WARN_DIRECT_OBJC_ISA_USAGE = YES_ERROR;
				CLANG_WARN_EMPTY_BODY = YES;
				CLANG_WARN_ENUM_CONVERSION = YES;
				CLANG_WARN_INT_CONVERSION = YES;
				CLANG_WARN_OBJC_ROOT_CLASS = YES_ERROR;
				CLANG_WARN_UNREACHABLE_CODE = YES;
				CLANG_WARN__DUPLICATE_METHOD_MATCH = YES;
				"CODE_SIGN_IDENTITY[sdk=iphoneos*]" = "iPhone Developer";
				COPY_PHASE_STRIP = NO;
				DEBUG_INFORMATION_FORMAT = "dwarf-with-dsym";
				ENABLE_NS_ASSERTIONS = NO;
				ENABLE_STRICT_OBJC_MSGSEND = YES;
				GCC_C_LANGUAGE_STANDARD = gnu99;
				GCC_NO_COMMON_BLOCKS = YES;
				GCC_WARN_64_TO_32_BIT_CONVERSION = YES;
				GCC_WARN_ABOUT_RETURN_TYPE = YES_ERROR;
				GCC_WARN_UNDECLARED_SELECTOR = YES;
				GCC_WARN_UNINITIALIZED_AUTOS = YES_AGGRESSIVE;
				GCC_WARN_UNUSED_FUNCTION = YES;
				GCC_WARN_UNUSED_VARIABLE = YES;
				IPHONEOS_DEPLOYMENT_TARGET = 8.4;
				MTL_ENABLE_DEBUG_INFO = NO;
				SDKROOT = iphoneos;
				VALIDATE_PRODUCT = YES;
			};
			name = Release;
		};
		9950328B1B564B4400D792C5 /* Debug */ = {
			isa = XCBuildConfiguration;
			baseConfigurationReference = 116D70F35B19AD9546398474 /* Pods.debug.xcconfig */;
			buildSettings = {
				ASSETCATALOG_COMPILER_APPICON_NAME = AppIcon;
				CLANG_ENABLE_MODULES = YES;
				INFOPLIST_FILE = Yay/Info.plist;
				LD_RUNPATH_SEARCH_PATHS = "$(inherited) @executable_path/Frameworks";
				PRODUCT_NAME = Friendzy;
				SWIFT_OBJC_BRIDGING_HEADER = "Yay-Bridging-Header.h";
				SWIFT_OPTIMIZATION_LEVEL = "-Onone";
			};
			name = Debug;
		};
		9950328C1B564B4400D792C5 /* Release */ = {
			isa = XCBuildConfiguration;
			baseConfigurationReference = 87E5039D1AFE3D9446032CF4 /* Pods.release.xcconfig */;
			buildSettings = {
				ASSETCATALOG_COMPILER_APPICON_NAME = AppIcon;
				CLANG_ENABLE_MODULES = YES;
				INFOPLIST_FILE = Yay/Info.plist;
				LD_RUNPATH_SEARCH_PATHS = "$(inherited) @executable_path/Frameworks";
				PRODUCT_NAME = Friendzy;
				SWIFT_OBJC_BRIDGING_HEADER = "Yay-Bridging-Header.h";
			};
			name = Release;
		};
		9950328E1B564B4400D792C5 /* Debug */ = {
			isa = XCBuildConfiguration;
			buildSettings = {
				BUNDLE_LOADER = "$(TEST_HOST)";
				FRAMEWORK_SEARCH_PATHS = (
					"$(SDKROOT)/Developer/Library/Frameworks",
					"$(inherited)",
				);
				GCC_PREPROCESSOR_DEFINITIONS = (
					"DEBUG=1",
					"$(inherited)",
				);
				INFOPLIST_FILE = YayTests/Info.plist;
				LD_RUNPATH_SEARCH_PATHS = "$(inherited) @executable_path/Frameworks @loader_path/Frameworks";
				PRODUCT_NAME = FriendzyTests;
				TEST_HOST = "$(BUILT_PRODUCTS_DIR)/Yay.app/Yay";
			};
			name = Debug;
		};
		9950328F1B564B4400D792C5 /* Release */ = {
			isa = XCBuildConfiguration;
			buildSettings = {
				BUNDLE_LOADER = "$(TEST_HOST)";
				FRAMEWORK_SEARCH_PATHS = (
					"$(SDKROOT)/Developer/Library/Frameworks",
					"$(inherited)",
				);
				INFOPLIST_FILE = YayTests/Info.plist;
				LD_RUNPATH_SEARCH_PATHS = "$(inherited) @executable_path/Frameworks @loader_path/Frameworks";
				PRODUCT_NAME = FriendzyTests;
				TEST_HOST = "$(BUILT_PRODUCTS_DIR)/Yay.app/Yay";
			};
			name = Release;
		};
/* End XCBuildConfiguration section */

/* Begin XCConfigurationList section */
		995032661B564B4400D792C5 /* Build configuration list for PBXProject "Friendzy" */ = {
			isa = XCConfigurationList;
			buildConfigurations = (
				995032881B564B4400D792C5 /* Debug */,
				995032891B564B4400D792C5 /* Release */,
			);
			defaultConfigurationIsVisible = 0;
			defaultConfigurationName = Release;
		};
		9950328A1B564B4400D792C5 /* Build configuration list for PBXNativeTarget "Friendzy" */ = {
			isa = XCConfigurationList;
			buildConfigurations = (
				9950328B1B564B4400D792C5 /* Debug */,
				9950328C1B564B4400D792C5 /* Release */,
			);
			defaultConfigurationIsVisible = 0;
			defaultConfigurationName = Release;
		};
		9950328D1B564B4400D792C5 /* Build configuration list for PBXNativeTarget "FriendzyTests" */ = {
			isa = XCConfigurationList;
			buildConfigurations = (
				9950328E1B564B4400D792C5 /* Debug */,
				9950328F1B564B4400D792C5 /* Release */,
			);
			defaultConfigurationIsVisible = 0;
			defaultConfigurationName = Release;
		};
/* End XCConfigurationList section */
	};
	rootObject = 995032631B564B4400D792C5 /* Project object */;
}
